
Microsoft Visual Studio Solution File, Format Version 12.00
# Visual Studio 15
VisualStudioVersion = 15.0.27428.2037
MinimumVisualStudioVersion = 10.0.40219.1
Project("{2150E333-8FDC-42A3-9474-1A3956D46DE8}") = "01 kintamijei", "01 kintamijei", "{E17083AA-E57B-4E3F-9EE1-0D143E50CCC3}"
EndProject
Project("{2150E333-8FDC-42A3-9474-1A3956D46DE8}") = "02 isvedimas", "02 isvedimas", "{EE3B1E77-3061-4DA5-B259-ADFA661658FC}"
EndProject
Project("{2150E333-8FDC-42A3-9474-1A3956D46DE8}") = "03 aritmetika", "03 aritmetika", "{3E1BA2E0-099F-4D49-A707-C61F02FF7839}"
EndProject
Project("{2150E333-8FDC-42A3-9474-1A3956D46DE8}") = "04 ivedimas", "04 ivedimas", "{D9CDB16F-067C-4A0A-8F2D-C5269C3F5E25}"
EndProject
Project("{FAE04EC0-301F-11D3-BF4B-00C04F79EFBC}") = "1-1 uzduotis", "1-1 uzduotis\1-1 uzduotis.csproj", "{8C3F181D-67D1-4E05-9150-386EBA4A5D9A}"
EndProject
Project("{FAE04EC0-301F-11D3-BF4B-00C04F79EFBC}") = "2-1 uzduotis", "2-1 uzduotis\2-1 uzduotis.csproj", "{FE76BD3E-9834-4060-A742-8DAC59D47FF4}"
EndProject
Project("{FAE04EC0-301F-11D3-BF4B-00C04F79EFBC}") = "2-2 uzduotis", "2-2 uzduotis\2-2 uzduotis.csproj", "{8ACBE60C-D9B9-467D-96AF-84DDC14E8281}"
EndProject
Project("{FAE04EC0-301F-11D3-BF4B-00C04F79EFBC}") = "2-3_uzduotis", "2-3_uzduotis\2-3_uzduotis.csproj", "{BC5DD2E5-A7EE-4782-9C09-1447BED1913C}"
EndProject
Project("{FAE04EC0-301F-11D3-BF4B-00C04F79EFBC}") = "2-4 uzduotis", "2-4 uzduotis\2-4 uzduotis.csproj", "{E335620C-BBB0-49F0-B679-1BA58A594A4C}"
EndProject
Project("{FAE04EC0-301F-11D3-BF4B-00C04F79EFBC}") = "2-5 uzduotis", "2-5 uzduotis\2-5 uzduotis.csproj", "{F032FE57-0460-45D3-9A03-8879A86CF60E}"
EndProject
Project("{FAE04EC0-301F-11D3-BF4B-00C04F79EFBC}") = "2-6 uzduotis", "2-6 uzduotis\2-6 uzduotis.csproj", "{6956DBB2-6DFC-492E-8E52-591684FAEE4F}"
EndProject
Project("{FAE04EC0-301F-11D3-BF4B-00C04F79EFBC}") = "3-1 uzduotis", "3-1 uzduotis\3-1 uzduotis.csproj", "{2B349F47-EB68-4549-A555-11B068D79CA2}"
EndProject
Project("{FAE04EC0-301F-11D3-BF4B-00C04F79EFBC}") = "3-2 uzduotis", "3-2 uzduotis\3-2 uzduotis.csproj", "{30A9E31E-1CE5-4B64-9C71-6DF2661575EE}"
EndProject
Project("{FAE04EC0-301F-11D3-BF4B-00C04F79EFBC}") = "3-3 uzduotis", "3-3 uzduotis\3-3 uzduotis.csproj", "{36A5A512-6612-44C8-B49E-9143683EE0A5}"
EndProject
Project("{FAE04EC0-301F-11D3-BF4B-00C04F79EFBC}") = "3-4 uzduotis", "3-4 uzduotis\3-4 uzduotis.csproj", "{A6ED7071-0BA5-4C21-A5B8-205D428FC46A}"
EndProject
Project("{FAE04EC0-301F-11D3-BF4B-00C04F79EFBC}") = "3-5 uzduotis", "3-5 uzduotis\3-5 uzduotis.csproj", "{712EB5CE-6205-417D-BCD4-24C45063D093}"
EndProject
Project("{FAE04EC0-301F-11D3-BF4B-00C04F79EFBC}") = "3-6 uzduotis", "3-6 uzduotis\3-6 uzduotis.csproj", "{3B0FC998-36DF-482A-8E4B-A8C1B9D689B7}"
EndProject
Project("{FAE04EC0-301F-11D3-BF4B-00C04F79EFBC}") = "4-0 test", "4-0 test\4-0 test.csproj", "{F1B6B3F8-0AE3-4341-B7EF-BB03C43499B8}"
EndProject
Project("{FAE04EC0-301F-11D3-BF4B-00C04F79EFBC}") = "4-1 uzduotis", "4-1 uzduotis\4-1 uzduotis.csproj", "{B0786EE9-1707-466B-A782-6D7353CB352B}"
EndProject
Project("{FAE04EC0-301F-11D3-BF4B-00C04F79EFBC}") = "4-2 uzduotis", "4-2 uzduotis\4-2 uzduotis.csproj", "{13940B8B-F1EB-4162-90A1-DA060188EF53}"
EndProject
Project("{FAE04EC0-301F-11D3-BF4B-00C04F79EFBC}") = "4-3 uzduotis", "4-3 uzduotis\4-3 uzduotis.csproj", "{A9497C9F-8CBC-4D8D-9F24-6022249503A5}"
EndProject
Project("{FAE04EC0-301F-11D3-BF4B-00C04F79EFBC}") = "4-4 uzduotis", "4-4 uzduotis\4-4 uzduotis.csproj", "{59D42308-A942-4FC1-9A70-1D393435B3EF}"
EndProject
Project("{FAE04EC0-301F-11D3-BF4B-00C04F79EFBC}") = "4-5 uzduotis", "4-5 uzduotis\4-5 uzduotis.csproj", "{9496E314-50EC-4A21-94C7-131A99242A17}"
EndProject
Project("{FAE04EC0-301F-11D3-BF4B-00C04F79EFBC}") = "4-6 uzduotis", "4-6 uzduotis\4-6 uzduotis.csproj", "{F1C9DD02-3469-4D94-9E58-D543F657C537}"
EndProject
Project("{FAE04EC0-301F-11D3-BF4B-00C04F79EFBC}") = "4-7 uzduotis", "4-7 uzduotis\4-7 uzduotis.csproj", "{EB0F4CC8-E438-47AE-B936-B5D0AE217157}"
EndProject
Project("{2150E333-8FDC-42A3-9474-1A3956D46DE8}") = "05 if salyga", "05 if salyga", "{68F09D66-B64E-440D-8510-88183DA3E9AB}"
EndProject
Project("{FAE04EC0-301F-11D3-BF4B-00C04F79EFBC}") = "5-0 pvz", "5-0 pvz\5-0 pvz.csproj", "{8442CD80-7773-47F8-96BE-B78ADB52E092}"
EndProject
Project("{FAE04EC0-301F-11D3-BF4B-00C04F79EFBC}") = "5-1 uzduotis", "5-1 uzduotis\5-1 uzduotis.csproj", "{EA1E15C0-24F0-44A0-A066-91591A9F061E}"
EndProject
Project("{FAE04EC0-301F-11D3-BF4B-00C04F79EFBC}") = "5-2 uzduotis", "5-2 uzduotis\5-2 uzduotis.csproj", "{76A3EBD1-D3CA-40A7-9F93-3E62E8F580D4}"
EndProject
Project("{FAE04EC0-301F-11D3-BF4B-00C04F79EFBC}") = "5-3 uzduotis", "5-3 uzduotis\5-3 uzduotis.csproj", "{A410521F-ED51-4A60-961B-B46C8D53A7F8}"
EndProject
Project("{FAE04EC0-301F-11D3-BF4B-00C04F79EFBC}") = "5-4 uzduotis", "5-4 uzduotis\5-4 uzduotis.csproj", "{12EEE3EB-F2D2-414E-8FD9-D0F30F1E2029}"
EndProject
Project("{FAE04EC0-301F-11D3-BF4B-00C04F79EFBC}") = "1_else_if", "1_else_if\1_else_if.csproj", "{6A241F12-2350-4EFF-A1F0-90AA51340F4B}"
EndProject
Project("{2150E333-8FDC-42A3-9474-1A3956D46DE8}") = "06 and or", "06 and or", "{C7973FE1-C4DD-442D-A425-0137F3FAF3E2}"
EndProject
Project("{FAE04EC0-301F-11D3-BF4B-00C04F79EFBC}") = "6-1 uzduotis", "6-1 uzduotis\6-1 uzduotis.csproj", "{DC1C05FD-37EB-4236-B5ED-825848B0D9AF}"
EndProject
Project("{FAE04EC0-301F-11D3-BF4B-00C04F79EFBC}") = "6-2 uzduotis", "6-2 uzduotis\6-2 uzduotis.csproj", "{D5F4A33A-8725-45A0-B5D1-4E1EF1EC0518}"
EndProject
Project("{FAE04EC0-301F-11D3-BF4B-00C04F79EFBC}") = "6-3 uzduotis", "6-3 uzduotis\6-3 uzduotis.csproj", "{D1173238-4F8D-4DD4-9688-41C559642B7D}"
EndProject
Project("{FAE04EC0-301F-11D3-BF4B-00C04F79EFBC}") = "6-4uzduotis", "6-4uzduotis\6-4uzduotis.csproj", "{AB6C8A04-4663-47A6-A3E8-D1F2FFB0BEE0}"
EndProject
Project("{2150E333-8FDC-42A3-9474-1A3956D46DE8}") = "07 switch", "07 switch", "{59F3F608-F7E9-41BC-9622-46DA9D0B57BC}"
EndProject
Project("{FAE04EC0-301F-11D3-BF4B-00C04F79EFBC}") = "7-1 uzduotis", "7-1 uzduotis\7-1 uzduotis.csproj", "{273251DA-E39E-4A04-B0E3-15EBF572E2B1}"
EndProject
Project("{FAE04EC0-301F-11D3-BF4B-00C04F79EFBC}") = "7-2 uzduotis", "7-2 uzduotis\7-2 uzduotis.csproj", "{A107CA4E-6669-49E4-8B5C-1B3C56A7B2AE}"
EndProject
Project("{FAE04EC0-301F-11D3-BF4B-00C04F79EFBC}") = "7-3 uzduotis", "7-3 uzduotis\7-3 uzduotis.csproj", "{3709F694-1390-429D-BCDC-83BCDE3A24BD}"
EndProject
Project("{2150E333-8FDC-42A3-9474-1A3956D46DE8}") = "08 ciklai", "08 ciklai", "{79B80FD0-407C-4DD4-AC2F-E5957B26FFB7}"
EndProject
Project("{FAE04EC0-301F-11D3-BF4B-00C04F79EFBC}") = "8-1 uzduotis", "8-1 uzduotis\8-1 uzduotis.csproj", "{4D78EBF5-37D5-4FD8-B01F-65C751F33AAE}"
EndProject
Project("{FAE04EC0-301F-11D3-BF4B-00C04F79EFBC}") = "8-2 uzduotis", "8-2 uzduotis\8-2 uzduotis.csproj", "{8416CB45-F8DD-41D9-9555-72DB0E122A09}"
EndProject
Project("{FAE04EC0-301F-11D3-BF4B-00C04F79EFBC}") = "8-3 uzduotis", "8-3 uzduotis\8-3 uzduotis.csproj", "{8E6C665B-5673-4B36-BECB-280954BF7202}"
EndProject
Project("{FAE04EC0-301F-11D3-BF4B-00C04F79EFBC}") = "8-4 uzduotis", "8-4 uzduotis\8-4 uzduotis.csproj", "{C2C74ED8-323F-48D8-9E77-D73C48E0615B}"
EndProject
Project("{FAE04EC0-301F-11D3-BF4B-00C04F79EFBC}") = "8-5 uzduotis", "8-5 uzduotis\8-5 uzduotis.csproj", "{855F5B69-0A67-4798-BB5F-1356B25DA82F}"
EndProject
Project("{FAE04EC0-301F-11D3-BF4B-00C04F79EFBC}") = "8-6 uzduotis", "8-6 uzduotis\8-6 uzduotis.csproj", "{09E478B6-FAF4-4487-B06A-799BED47CE3E}"
EndProject
Project("{FAE04EC0-301F-11D3-BF4B-00C04F79EFBC}") = "8-7 uzduotis", "8-7 uzduotis\8-7 uzduotis.csproj", "{CA6EFCE3-4A55-4A8C-8289-4B73789D6645}"
EndProject
Project("{FAE04EC0-301F-11D3-BF4B-00C04F79EFBC}") = "8-8 uzduotis", "8-8 uzduotis\8-8 uzduotis.csproj", "{74CB23E1-5B5C-46DA-A169-45AEC60DF3BA}"
EndProject
Project("{FAE04EC0-301F-11D3-BF4B-00C04F79EFBC}") = "8-9 uzduotis", "8-9 uzduotis\8-9 uzduotis.csproj", "{C7D6E9D9-8821-4F30-BE0E-9DD489612237}"
EndProject
Project("{FAE04EC0-301F-11D3-BF4B-00C04F79EFBC}") = "8-10 uzduotis", "8-10 uzduotis\8-10 uzduotis.csproj", "{CE745238-3CD7-4099-9838-10A75671FF78}"
EndProject
Project("{FAE04EC0-301F-11D3-BF4B-00C04F79EFBC}") = "8-11 uzduotis", "8-11 uzduotis\8-11 uzduotis.csproj", "{85569480-2119-4A72-9780-3D4F1BBE8D29}"
EndProject
Project("{FAE04EC0-301F-11D3-BF4B-00C04F79EFBC}") = "8-12", "8-12\8-12.csproj", "{5C5A12A1-85CA-45C6-BE99-9532FFBE3146}"
EndProject
Project("{FAE04EC0-301F-11D3-BF4B-00C04F79EFBC}") = "8-13 uzduotis", "8-13 uzduotis\8-13 uzduotis.csproj", "{2E039769-36E5-4104-BCD5-65220FD39F09}"
EndProject
Project("{2150E333-8FDC-42A3-9474-1A3956D46DE8}") = "09 while", "09 while", "{95E9C97D-6989-4E06-8358-FFFF2582B9F8}"
EndProject
Project("{FAE04EC0-301F-11D3-BF4B-00C04F79EFBC}") = "9-1  uzduotis", "9-1  uzduotis\9-1  uzduotis.csproj", "{A2085A42-7983-464A-AC8A-1B4687EA78F4}"
EndProject
Project("{FAE04EC0-301F-11D3-BF4B-00C04F79EFBC}") = "9-2 uzduotis", "9-2 uzduotis\9-2 uzduotis.csproj", "{F9920F41-0209-4B36-AEE1-BC235E17401D}"
EndProject
Project("{FAE04EC0-301F-11D3-BF4B-00C04F79EFBC}") = "9-3 uzduotis", "9-3 uzduotis\9-3 uzduotis.csproj", "{7C18AD88-DAC6-454D-84AE-A82E3F9E7D8C}"
EndProject
Project("{FAE04EC0-301F-11D3-BF4B-00C04F79EFBC}") = "9-4 uzduotis", "9-4 uzduotis\9-4 uzduotis.csproj", "{639A135A-3295-4DD6-9904-9ED99BDA9D02}"
EndProject
Project("{FAE04EC0-301F-11D3-BF4B-00C04F79EFBC}") = "9-5 uzduotis", "9-5 uzduotis\9-5 uzduotis.csproj", "{42531586-1123-4E69-A69A-4E2D16BA16DA}"
EndProject
Project("{FAE04EC0-301F-11D3-BF4B-00C04F79EFBC}") = "9-6 uzduotis", "9-6 uzduotis\9-6 uzduotis.csproj", "{CD6D4BC6-3DA5-4701-A0D4-0E2DCDD9E93C}"
EndProject
Project("{2150E333-8FDC-42A3-9474-1A3956D46DE8}") = "10 do while", "10 do while", "{9BA4FD3A-45A0-4D4D-A042-D8853D266A3C}"
EndProject
Project("{FAE04EC0-301F-11D3-BF4B-00C04F79EFBC}") = "10-1 uzduotis", "10-1 uzduotis\10-1 uzduotis.csproj", "{3AD88B30-E7BD-40B1-90F9-AF4F6EAE9478}"
EndProject
Project("{FAE04EC0-301F-11D3-BF4B-00C04F79EFBC}") = "10-2 uzduotis", "10-2 uzduotis\10-2 uzduotis.csproj", "{3F955206-BEFD-44DD-8007-01B6B96C4C4F}"
EndProject
Project("{FAE04EC0-301F-11D3-BF4B-00C04F79EFBC}") = "10-3 uzduotis", "10-3 uzduotis\10-3 uzduotis.csproj", "{3791869D-8E87-4FD3-895C-64F290CA6711}"
EndProject
Project("{2150E333-8FDC-42A3-9474-1A3956D46DE8}") = "11 masyvai", "11 masyvai", "{2586D93C-D392-412E-B61B-15076224781E}"
EndProject
Project("{FAE04EC0-301F-11D3-BF4B-00C04F79EFBC}") = "11-1 uzduotis", "11-1 uzduotis\11-1 uzduotis.csproj", "{EC6CA833-E54D-4CF9-B50A-8DDE79A399D0}"
EndProject
Project("{FAE04EC0-301F-11D3-BF4B-00C04F79EFBC}") = "11- ciklas", "11- ciklas\11- ciklas.csproj", "{900CDC48-C423-4477-B9D0-AE0B99FFAAD3}"
EndProject
Project("{FAE04EC0-301F-11D3-BF4B-00C04F79EFBC}") = "suma", "suma\suma.csproj", "{75D08D4D-3A4B-4340-A12A-551CD7228EEC}"
EndProject
Project("{FAE04EC0-301F-11D3-BF4B-00C04F79EFBC}") = "11-1_ uzduotis", "11-1_ uzduotis\11-1_ uzduotis.csproj", "{218E8DDE-EA91-4E0A-948D-2A0A859964CB}"
EndProject
Project("{FAE04EC0-301F-11D3-BF4B-00C04F79EFBC}") = "11-2 uzduotis", "11-2 uzduotis\11-2 uzduotis.csproj", "{04B867FE-B3B8-4ABA-A89B-A56B7777D8DC}"
EndProject
Project("{FAE04EC0-301F-11D3-BF4B-00C04F79EFBC}") = "11-3 uzduotis", "11-3 uzduotis\11-3 uzduotis.csproj", "{5BF85D52-A97F-42F9-851A-077B44BCAE6F}"
EndProject
Project("{FAE04EC0-301F-11D3-BF4B-00C04F79EFBC}") = "11-4 uzduotis", "11-4 uzduotis\11-4 uzduotis.csproj", "{477E0BD5-82AA-48AA-AAFB-C3D804F81CBA}"
EndProject
Project("{2150E333-8FDC-42A3-9474-1A3956D46DE8}") = "NewFolder1", "NewFolder1", "{C7589792-3ADA-4D6C-A17D-8A9CCF1CAEDA}"
EndProject
Project("{2150E333-8FDC-42A3-9474-1A3956D46DE8}") = "12 sarasas", "12 sarasas", "{B6F26E6B-51E5-4170-9369-E2EA9FC9EAE0}"
EndProject
Project("{FAE04EC0-301F-11D3-BF4B-00C04F79EFBC}") = "12-1 uzduotis", "12-1 uzduotis\12-1 uzduotis.csproj", "{F52ABBCA-7FEB-468E-A010-535AF56DB1E7}"
EndProject
Project("{FAE04EC0-301F-11D3-BF4B-00C04F79EFBC}") = "12-2 uzduotis", "12-2 uzduotis\12-2 uzduotis.csproj", "{6747BDCF-DEAE-438D-A2E4-7B11878086D0}"
EndProject
Project("{FAE04EC0-301F-11D3-BF4B-00C04F79EFBC}") = "12-3 uzduotis", "12-3 uzduotis\12-3 uzduotis.csproj", "{60DCCB37-4AF3-4512-8193-FF5984522158}"
EndProject
Project("{2150E333-8FDC-42A3-9474-1A3956D46DE8}") = "13 metodai", "13 metodai", "{58865AD7-6613-4956-862A-4F388B28391C}"
EndProject
Project("{FAE04EC0-301F-11D3-BF4B-00C04F79EFBC}") = "13 pvz", "13 pvz\13 pvz.csproj", "{47391370-EF78-4497-B2EB-6DD4E22632A9}"
EndProject
Project("{FAE04EC0-301F-11D3-BF4B-00C04F79EFBC}") = "naujas", "naujas\naujas.csproj", "{31B93F15-EA89-4F5F-A4CB-FF79E3CC433E}"
EndProject
Project("{FAE04EC0-301F-11D3-BF4B-00C04F79EFBC}") = "naujas2", "naujas2\naujas2.csproj", "{193591AB-718C-416C-BCA6-35C46A146CD5}"
EndProject
Project("{FAE04EC0-301F-11D3-BF4B-00C04F79EFBC}") = "uzduotis2", "uzduotis2\uzduotis2.csproj", "{1C94B655-85F1-4257-AA7A-F4EABDBADBE0}"
EndProject
Project("{FAE04EC0-301F-11D3-BF4B-00C04F79EFBC}") = "metodai_pvz", "metodai_pvz\metodai_pvz.csproj", "{C6FEAD76-EA9A-46D5-84B5-29D7061B4857}"
EndProject
Project("{FAE04EC0-301F-11D3-BF4B-00C04F79EFBC}") = "Metodai_nuosavas", "Metodai_nuosavas\Metodai_nuosavas.csproj", "{68116EC7-6C23-452E-8C3B-F80E43146F2E}"
EndProject
Project("{2150E333-8FDC-42A3-9474-1A3956D46DE8}") = "14 klases", "14 klases", "{57A65ABD-FD1C-4577-803A-E7EE18849247}"
EndProject
Project("{FAE04EC0-301F-11D3-BF4B-00C04F79EFBC}") = "14 pvz", "14 pvz\14 pvz.csproj", "{5AC67649-1D16-4D0F-A291-07BFDB21DA97}"
EndProject
Project("{FAE04EC0-301F-11D3-BF4B-00C04F79EFBC}") = "klase_Sarase", "klase_Sarase\klase_Sarase.csproj", "{43E83420-74F1-4DD4-8785-51D7CC215A13}"
EndProject
Project("{FAE04EC0-301F-11D3-BF4B-00C04F79EFBC}") = "14 parduotuve", "14 parduotuve\14 parduotuve.csproj", "{7808025F-9271-4C14-A165-FFF60FDA4AD0}"
EndProject
Project("{2150E333-8FDC-42A3-9474-1A3956D46DE8}") = "get set", "get set", "{6100A573-DA24-47E2-8E98-F87D9C91C39F}"
EndProject
Project("{FAE04EC0-301F-11D3-BF4B-00C04F79EFBC}") = "komp_dalys", "komp_dalys\komp_dalys.csproj", "{A418A0FB-414F-4C22-A2FC-1B5BBE7E8DBA}"
EndProject
Project("{2150E333-8FDC-42A3-9474-1A3956D46DE8}") = "15 GUI", "15 GUI", "{BFC51878-D282-491F-86ED-5B1D134319DE}"
EndProject
Project("{FAE04EC0-301F-11D3-BF4B-00C04F79EFBC}") = "GUI_test", "GUI_test\GUI_test.csproj", "{6BFC7A24-7E55-42FB-A1E4-A8F432CC043E}"
EndProject
Project("{FAE04EC0-301F-11D3-BF4B-00C04F79EFBC}") = "failai", "failai\failai.csproj", "{468CDEB2-FD75-4E8A-8451-FDD55B837257}"
EndProject
Project("{FAE04EC0-301F-11D3-BF4B-00C04F79EFBC}") = "failai3", "failai3\failai3.csproj", "{BBB47F0F-0E29-414A-BDE9-5979A0D68E63}"
EndProject
Project("{FAE04EC0-301F-11D3-BF4B-00C04F79EFBC}") = "15 Scraper", "15 Scraper\15 Scraper.csproj", "{929764DE-C683-4727-BD7A-E149DD0482C1}"
EndProject
Project("{FAE04EC0-301F-11D3-BF4B-00C04F79EFBC}") = "Teleloto", "Teleloto\Teleloto.csproj", "{22168209-AACC-49EE-B355-B543D3F0258C}"
EndProject
Project("{2150E333-8FDC-42A3-9474-1A3956D46DE8}") = "16 Dominykas", "16 Dominykas", "{7A6EE909-B3F2-4928-A0F0-29DC635A0310}"
EndProject
Project("{FAE04EC0-301F-11D3-BF4B-00C04F79EFBC}") = "kortu_kalade1", "kortu_kalade1\kortu_kalade1.csproj", "{9A72F4EB-1C52-4CCD-BECB-D593DDF41A5D}"
EndProject
Project("{2150E333-8FDC-42A3-9474-1A3956D46DE8}") = "17 Paveldejimas", "17 Paveldejimas", "{77B6240F-610D-4168-B430-28DC7A2FD84D}"
EndProject
Project("{FAE04EC0-301F-11D3-BF4B-00C04F79EFBC}") = "paveldejimas", "paveldejimas\paveldejimas.csproj", "{EAABC97D-4CDD-486E-983A-3153BECB9B91}"
EndProject
Project("{FAE04EC0-301F-11D3-BF4B-00C04F79EFBC}") = "klientas", "klientas\klientas.csproj", "{17BE10D4-B5B3-4DD9-91B5-13CD99A3AD93}"
EndProject
Project("{FAE04EC0-301F-11D3-BF4B-00C04F79EFBC}") = "16-3 Formos", "Formos\16-3 Formos.csproj", "{68D2D9AD-9E84-4C88-A62F-B2B9485016AF}"
EndProject
Project("{2150E333-8FDC-42A3-9474-1A3956D46DE8}") = "18 Interface", "18 Interface", "{87305BCA-1234-495B-AD2F-AD7BBB8AB12C}"
EndProject
Project("{FAE04EC0-301F-11D3-BF4B-00C04F79EFBC}") = "18-1 uzdavinys", "18-1 uzdavinys\18-1 uzdavinys.csproj", "{63C66D44-2A4D-4108-B8C4-B71C87461143}"
EndProject
Project("{FAE04EC0-301F-11D3-BF4B-00C04F79EFBC}") = "18-2 testavimas", "18-2 testavimas\18-2 testavimas.csproj", "{CE5FDFEE-9F2C-4044-A8EA-67BA04B559C8}"
EndProject
Project("{FAE04EC0-301F-11D3-BF4B-00C04F79EFBC}") = "Unit_testing", "Unit_testing\Unit_testing.csproj", "{8BFE558C-E8F1-4936-8BF0-AB34F06603B9}"
EndProject
Project("{9A19103F-16F7-4668-BE54-9A1E7A4F7556}") = "18-2 uzduotiss", "18-2 uzduotiss\18-2 uzduotiss.csproj", "{D70061BD-BD85-46DF-B00C-758D6800675C}"
EndProject
Project("{FAE04EC0-301F-11D3-BF4B-00C04F79EFBC}") = "18-2 uzduotis2", "18-2 uzduotis2\18-2 uzduotis2.csproj", "{C73B5354-612E-451F-96B2-23243ECF68DA}"
EndProject
Project("{2150E333-8FDC-42A3-9474-1A3956D46DE8}") = "19 Generics", "19 Generics", "{9450F25B-CA84-4808-8FBE-F0EADC04B0A6}"
EndProject
Project("{FAE04EC0-301F-11D3-BF4B-00C04F79EFBC}") = "19-1 uzduotis", "19-1 uzduotis\19-1 uzduotis.csproj", "{9EB592C3-E2F4-435C-AD71-E814FF8B659D}"
EndProject
Project("{FAE04EC0-301F-11D3-BF4B-00C04F79EFBC}") = "19-2 uzduotis", "19-2 uzduotis\19-2 uzduotis.csproj", "{A492D65C-2AF7-4A4D-9665-330FA7BBCACD}"
EndProject
Project("{2150E333-8FDC-42A3-9474-1A3956D46DE8}") = "20 Exceptions", "20 Exceptions", "{F1B0A7E4-E089-46AF-876B-008AD92B8263}"
EndProject
Project("{FAE04EC0-301F-11D3-BF4B-00C04F79EFBC}") = "20-1 uzduotis koldunai", "20-1 uzduotis koldunai\20-1 uzduotis koldunai.csproj", "{8AB5A145-66B2-43C3-8ACE-13F6BF7F2059}"
EndProject
Project("{FAE04EC0-301F-11D3-BF4B-00C04F79EFBC}") = "20-2", "20-2\20-2.csproj", "{46ECA8AC-7C75-46D1-919C-48FF2505CE02}"
EndProject
Project("{2150E333-8FDC-42A3-9474-1A3956D46DE8}") = "21 Delegates", "21 Delegates", "{8348D56E-09A2-402C-A32B-2D25007AF252}"
EndProject
Project("{FAE04EC0-301F-11D3-BF4B-00C04F79EFBC}") = "21-1 pvz", "21-1 pvz\21-1 pvz.csproj", "{BF3C2104-80B9-4022-9774-F9DEFAA30514}"
EndProject
Project("{FAE04EC0-301F-11D3-BF4B-00C04F79EFBC}") = "21-2 pvz", "21-2 pvz\21-2 pvz.csproj", "{2B568785-B14C-4AE8-B878-A5483932B110}"
EndProject
Project("{FAE04EC0-301F-11D3-BF4B-00C04F79EFBC}") = "22-2 uzduotis", "22-2 uzduotis\22-2 uzduotis.csproj", "{E94C91FE-9723-4DCD-8B08-62C03E5F8E9D}"
EndProject
Project("{2150E333-8FDC-42A3-9474-1A3956D46DE8}") = "22 Events", "22 Events", "{C3AC548E-EB92-42E3-BBA5-4D2B344A6FF2}"
EndProject
Project("{FAE04EC0-301F-11D3-BF4B-00C04F79EFBC}") = "22-1 pvz", "22-1 pvz\22-1 pvz.csproj", "{EA0DD5FC-B0EB-4171-BBFD-FA0BFB2A8939}"
EndProject
Project("{FAE04EC0-301F-11D3-BF4B-00C04F79EFBC}") = "22-2 pvz2", "22-2 pvz2\22-2 pvz2.csproj", "{516D933C-0BE8-4076-8706-4F1873E6B2B0}"
EndProject
Project("{FAE04EC0-301F-11D3-BF4B-00C04F79EFBC}") = "22-22 uzduotis", "22-22 uzduotis\22-22 uzduotis.csproj", "{148400C5-E1D5-4350-85A2-312171B31081}"
EndProject
Project("{2150E333-8FDC-42A3-9474-1A3956D46DE8}") = "23 lambda", "23 lambda", "{7715C0BE-8595-4FA9-8E28-3AEBCDEF0007}"
EndProject
Project("{FAE04EC0-301F-11D3-BF4B-00C04F79EFBC}") = "23-1 pvz", "23-1 pvz\23-1 pvz.csproj", "{1C092ADE-26BC-4BE8-A7DE-540FCE925135}"
EndProject
Project("{2150E333-8FDC-42A3-9474-1A3956D46DE8}") = "24 SQL", "24 SQL", "{68D4D9C5-DBA4-4EA1-AB3F-BD9435D09C51}"
EndProject
Project("{FAE04EC0-301F-11D3-BF4B-00C04F79EFBC}") = "24-1 pvz", "24-1 pvz\24-1 pvz.csproj", "{1D8F0D06-3D07-42B3-860B-1F1CD07275AB}"
EndProject
Project("{2150E333-8FDC-42A3-9474-1A3956D46DE8}") = "26 ND", "26 ND", "{322FA88A-7C5A-4E21-A640-F0EB86434606}"
EndProject
Project("{FAE04EC0-301F-11D3-BF4B-00C04F79EFBC}") = "1_nd", "1_nd\1_nd.csproj", "{D04F3AD2-6D15-49E0-AF44-507BF409BD4F}"
EndProject
Project("{FAE04EC0-301F-11D3-BF4B-00C04F79EFBC}") = "2_nd", "2nd\2_nd.csproj", "{4BF06125-2C8B-469A-89BE-9EB73FC9DBDF}"
EndProject
Project("{FAE04EC0-301F-11D3-BF4B-00C04F79EFBC}") = "3_ND", "3_ND\3_ND.csproj", "{F649C20E-5F1D-4273-AE1F-E8964BC55AB9}"
EndProject
Project("{FAE04EC0-301F-11D3-BF4B-00C04F79EFBC}") = "4_ND", "4_ND\4_ND.csproj", "{E0E8D98C-61FE-4D92-88B8-52355D6F14BD}"
EndProject
Project("{FAE04EC0-301F-11D3-BF4B-00C04F79EFBC}") = "5_ND", "5-nd\5_ND.csproj", "{7D138911-D8D2-461F-B8AA-47AD99C71239}"
EndProject
Project("{FAE04EC0-301F-11D3-BF4B-00C04F79EFBC}") = "24_sql_formos", "24_sql_formos\24_sql_formos.csproj", "{002295BF-DF22-4A36-9515-FBDF037374D2}"
EndProject
Project("{2150E333-8FDC-42A3-9474-1A3956D46DE8}") = "27 LINQ", "27 LINQ", "{FD6429BB-C875-42A1-B4B6-1F53D7C2E24B}"
EndProject
Project("{FAE04EC0-301F-11D3-BF4B-00C04F79EFBC}") = "27-1 pvz", "27-1 pvz\27-1 pvz.csproj", "{7D5C5EC0-9855-4F53-92A7-273D2726DFB5}"
EndProject
Global
	GlobalSection(SolutionConfigurationPlatforms) = preSolution
		Debug|Any CPU = Debug|Any CPU
		Release|Any CPU = Release|Any CPU
	EndGlobalSection
	GlobalSection(ProjectConfigurationPlatforms) = postSolution
		{8C3F181D-67D1-4E05-9150-386EBA4A5D9A}.Debug|Any CPU.ActiveCfg = Debug|Any CPU
		{8C3F181D-67D1-4E05-9150-386EBA4A5D9A}.Debug|Any CPU.Build.0 = Debug|Any CPU
		{8C3F181D-67D1-4E05-9150-386EBA4A5D9A}.Release|Any CPU.ActiveCfg = Release|Any CPU
		{8C3F181D-67D1-4E05-9150-386EBA4A5D9A}.Release|Any CPU.Build.0 = Release|Any CPU
		{FE76BD3E-9834-4060-A742-8DAC59D47FF4}.Debug|Any CPU.ActiveCfg = Debug|Any CPU
		{FE76BD3E-9834-4060-A742-8DAC59D47FF4}.Debug|Any CPU.Build.0 = Debug|Any CPU
		{FE76BD3E-9834-4060-A742-8DAC59D47FF4}.Release|Any CPU.ActiveCfg = Release|Any CPU
		{FE76BD3E-9834-4060-A742-8DAC59D47FF4}.Release|Any CPU.Build.0 = Release|Any CPU
		{8ACBE60C-D9B9-467D-96AF-84DDC14E8281}.Debug|Any CPU.ActiveCfg = Debug|Any CPU
		{8ACBE60C-D9B9-467D-96AF-84DDC14E8281}.Debug|Any CPU.Build.0 = Debug|Any CPU
		{8ACBE60C-D9B9-467D-96AF-84DDC14E8281}.Release|Any CPU.ActiveCfg = Release|Any CPU
		{8ACBE60C-D9B9-467D-96AF-84DDC14E8281}.Release|Any CPU.Build.0 = Release|Any CPU
		{BC5DD2E5-A7EE-4782-9C09-1447BED1913C}.Debug|Any CPU.ActiveCfg = Debug|Any CPU
		{BC5DD2E5-A7EE-4782-9C09-1447BED1913C}.Debug|Any CPU.Build.0 = Debug|Any CPU
		{BC5DD2E5-A7EE-4782-9C09-1447BED1913C}.Release|Any CPU.ActiveCfg = Release|Any CPU
		{BC5DD2E5-A7EE-4782-9C09-1447BED1913C}.Release|Any CPU.Build.0 = Release|Any CPU
		{E335620C-BBB0-49F0-B679-1BA58A594A4C}.Debug|Any CPU.ActiveCfg = Debug|Any CPU
		{E335620C-BBB0-49F0-B679-1BA58A594A4C}.Debug|Any CPU.Build.0 = Debug|Any CPU
		{E335620C-BBB0-49F0-B679-1BA58A594A4C}.Release|Any CPU.ActiveCfg = Release|Any CPU
		{E335620C-BBB0-49F0-B679-1BA58A594A4C}.Release|Any CPU.Build.0 = Release|Any CPU
		{F032FE57-0460-45D3-9A03-8879A86CF60E}.Debug|Any CPU.ActiveCfg = Debug|Any CPU
		{F032FE57-0460-45D3-9A03-8879A86CF60E}.Debug|Any CPU.Build.0 = Debug|Any CPU
		{F032FE57-0460-45D3-9A03-8879A86CF60E}.Release|Any CPU.ActiveCfg = Release|Any CPU
		{F032FE57-0460-45D3-9A03-8879A86CF60E}.Release|Any CPU.Build.0 = Release|Any CPU
		{6956DBB2-6DFC-492E-8E52-591684FAEE4F}.Debug|Any CPU.ActiveCfg = Debug|Any CPU
		{6956DBB2-6DFC-492E-8E52-591684FAEE4F}.Debug|Any CPU.Build.0 = Debug|Any CPU
		{6956DBB2-6DFC-492E-8E52-591684FAEE4F}.Release|Any CPU.ActiveCfg = Release|Any CPU
		{6956DBB2-6DFC-492E-8E52-591684FAEE4F}.Release|Any CPU.Build.0 = Release|Any CPU
		{2B349F47-EB68-4549-A555-11B068D79CA2}.Debug|Any CPU.ActiveCfg = Debug|Any CPU
		{2B349F47-EB68-4549-A555-11B068D79CA2}.Debug|Any CPU.Build.0 = Debug|Any CPU
		{2B349F47-EB68-4549-A555-11B068D79CA2}.Release|Any CPU.ActiveCfg = Release|Any CPU
		{2B349F47-EB68-4549-A555-11B068D79CA2}.Release|Any CPU.Build.0 = Release|Any CPU
		{30A9E31E-1CE5-4B64-9C71-6DF2661575EE}.Debug|Any CPU.ActiveCfg = Debug|Any CPU
		{30A9E31E-1CE5-4B64-9C71-6DF2661575EE}.Debug|Any CPU.Build.0 = Debug|Any CPU
		{30A9E31E-1CE5-4B64-9C71-6DF2661575EE}.Release|Any CPU.ActiveCfg = Release|Any CPU
		{30A9E31E-1CE5-4B64-9C71-6DF2661575EE}.Release|Any CPU.Build.0 = Release|Any CPU
		{36A5A512-6612-44C8-B49E-9143683EE0A5}.Debug|Any CPU.ActiveCfg = Debug|Any CPU
		{36A5A512-6612-44C8-B49E-9143683EE0A5}.Debug|Any CPU.Build.0 = Debug|Any CPU
		{36A5A512-6612-44C8-B49E-9143683EE0A5}.Release|Any CPU.ActiveCfg = Release|Any CPU
		{36A5A512-6612-44C8-B49E-9143683EE0A5}.Release|Any CPU.Build.0 = Release|Any CPU
		{A6ED7071-0BA5-4C21-A5B8-205D428FC46A}.Debug|Any CPU.ActiveCfg = Debug|Any CPU
		{A6ED7071-0BA5-4C21-A5B8-205D428FC46A}.Debug|Any CPU.Build.0 = Debug|Any CPU
		{A6ED7071-0BA5-4C21-A5B8-205D428FC46A}.Release|Any CPU.ActiveCfg = Release|Any CPU
		{A6ED7071-0BA5-4C21-A5B8-205D428FC46A}.Release|Any CPU.Build.0 = Release|Any CPU
		{712EB5CE-6205-417D-BCD4-24C45063D093}.Debug|Any CPU.ActiveCfg = Debug|Any CPU
		{712EB5CE-6205-417D-BCD4-24C45063D093}.Debug|Any CPU.Build.0 = Debug|Any CPU
		{712EB5CE-6205-417D-BCD4-24C45063D093}.Release|Any CPU.ActiveCfg = Release|Any CPU
		{712EB5CE-6205-417D-BCD4-24C45063D093}.Release|Any CPU.Build.0 = Release|Any CPU
		{3B0FC998-36DF-482A-8E4B-A8C1B9D689B7}.Debug|Any CPU.ActiveCfg = Debug|Any CPU
		{3B0FC998-36DF-482A-8E4B-A8C1B9D689B7}.Debug|Any CPU.Build.0 = Debug|Any CPU
		{3B0FC998-36DF-482A-8E4B-A8C1B9D689B7}.Release|Any CPU.ActiveCfg = Release|Any CPU
		{3B0FC998-36DF-482A-8E4B-A8C1B9D689B7}.Release|Any CPU.Build.0 = Release|Any CPU
		{F1B6B3F8-0AE3-4341-B7EF-BB03C43499B8}.Debug|Any CPU.ActiveCfg = Debug|Any CPU
		{F1B6B3F8-0AE3-4341-B7EF-BB03C43499B8}.Debug|Any CPU.Build.0 = Debug|Any CPU
		{F1B6B3F8-0AE3-4341-B7EF-BB03C43499B8}.Release|Any CPU.ActiveCfg = Release|Any CPU
		{F1B6B3F8-0AE3-4341-B7EF-BB03C43499B8}.Release|Any CPU.Build.0 = Release|Any CPU
		{B0786EE9-1707-466B-A782-6D7353CB352B}.Debug|Any CPU.ActiveCfg = Debug|Any CPU
		{B0786EE9-1707-466B-A782-6D7353CB352B}.Debug|Any CPU.Build.0 = Debug|Any CPU
		{B0786EE9-1707-466B-A782-6D7353CB352B}.Release|Any CPU.ActiveCfg = Release|Any CPU
		{B0786EE9-1707-466B-A782-6D7353CB352B}.Release|Any CPU.Build.0 = Release|Any CPU
		{13940B8B-F1EB-4162-90A1-DA060188EF53}.Debug|Any CPU.ActiveCfg = Debug|Any CPU
		{13940B8B-F1EB-4162-90A1-DA060188EF53}.Debug|Any CPU.Build.0 = Debug|Any CPU
		{13940B8B-F1EB-4162-90A1-DA060188EF53}.Release|Any CPU.ActiveCfg = Release|Any CPU
		{13940B8B-F1EB-4162-90A1-DA060188EF53}.Release|Any CPU.Build.0 = Release|Any CPU
		{A9497C9F-8CBC-4D8D-9F24-6022249503A5}.Debug|Any CPU.ActiveCfg = Debug|Any CPU
		{A9497C9F-8CBC-4D8D-9F24-6022249503A5}.Debug|Any CPU.Build.0 = Debug|Any CPU
		{A9497C9F-8CBC-4D8D-9F24-6022249503A5}.Release|Any CPU.ActiveCfg = Release|Any CPU
		{A9497C9F-8CBC-4D8D-9F24-6022249503A5}.Release|Any CPU.Build.0 = Release|Any CPU
		{59D42308-A942-4FC1-9A70-1D393435B3EF}.Debug|Any CPU.ActiveCfg = Debug|Any CPU
		{59D42308-A942-4FC1-9A70-1D393435B3EF}.Debug|Any CPU.Build.0 = Debug|Any CPU
		{59D42308-A942-4FC1-9A70-1D393435B3EF}.Release|Any CPU.ActiveCfg = Release|Any CPU
		{59D42308-A942-4FC1-9A70-1D393435B3EF}.Release|Any CPU.Build.0 = Release|Any CPU
		{9496E314-50EC-4A21-94C7-131A99242A17}.Debug|Any CPU.ActiveCfg = Debug|Any CPU
		{9496E314-50EC-4A21-94C7-131A99242A17}.Debug|Any CPU.Build.0 = Debug|Any CPU
		{9496E314-50EC-4A21-94C7-131A99242A17}.Release|Any CPU.ActiveCfg = Release|Any CPU
		{9496E314-50EC-4A21-94C7-131A99242A17}.Release|Any CPU.Build.0 = Release|Any CPU
		{F1C9DD02-3469-4D94-9E58-D543F657C537}.Debug|Any CPU.ActiveCfg = Debug|Any CPU
		{F1C9DD02-3469-4D94-9E58-D543F657C537}.Debug|Any CPU.Build.0 = Debug|Any CPU
		{F1C9DD02-3469-4D94-9E58-D543F657C537}.Release|Any CPU.ActiveCfg = Release|Any CPU
		{F1C9DD02-3469-4D94-9E58-D543F657C537}.Release|Any CPU.Build.0 = Release|Any CPU
		{EB0F4CC8-E438-47AE-B936-B5D0AE217157}.Debug|Any CPU.ActiveCfg = Debug|Any CPU
		{EB0F4CC8-E438-47AE-B936-B5D0AE217157}.Debug|Any CPU.Build.0 = Debug|Any CPU
		{EB0F4CC8-E438-47AE-B936-B5D0AE217157}.Release|Any CPU.ActiveCfg = Release|Any CPU
		{EB0F4CC8-E438-47AE-B936-B5D0AE217157}.Release|Any CPU.Build.0 = Release|Any CPU
		{8442CD80-7773-47F8-96BE-B78ADB52E092}.Debug|Any CPU.ActiveCfg = Debug|Any CPU
		{8442CD80-7773-47F8-96BE-B78ADB52E092}.Debug|Any CPU.Build.0 = Debug|Any CPU
		{8442CD80-7773-47F8-96BE-B78ADB52E092}.Release|Any CPU.ActiveCfg = Release|Any CPU
		{8442CD80-7773-47F8-96BE-B78ADB52E092}.Release|Any CPU.Build.0 = Release|Any CPU
		{EA1E15C0-24F0-44A0-A066-91591A9F061E}.Debug|Any CPU.ActiveCfg = Debug|Any CPU
		{EA1E15C0-24F0-44A0-A066-91591A9F061E}.Debug|Any CPU.Build.0 = Debug|Any CPU
		{EA1E15C0-24F0-44A0-A066-91591A9F061E}.Release|Any CPU.ActiveCfg = Release|Any CPU
		{EA1E15C0-24F0-44A0-A066-91591A9F061E}.Release|Any CPU.Build.0 = Release|Any CPU
		{76A3EBD1-D3CA-40A7-9F93-3E62E8F580D4}.Debug|Any CPU.ActiveCfg = Debug|Any CPU
		{76A3EBD1-D3CA-40A7-9F93-3E62E8F580D4}.Debug|Any CPU.Build.0 = Debug|Any CPU
		{76A3EBD1-D3CA-40A7-9F93-3E62E8F580D4}.Release|Any CPU.ActiveCfg = Release|Any CPU
		{76A3EBD1-D3CA-40A7-9F93-3E62E8F580D4}.Release|Any CPU.Build.0 = Release|Any CPU
		{A410521F-ED51-4A60-961B-B46C8D53A7F8}.Debug|Any CPU.ActiveCfg = Debug|Any CPU
		{A410521F-ED51-4A60-961B-B46C8D53A7F8}.Debug|Any CPU.Build.0 = Debug|Any CPU
		{A410521F-ED51-4A60-961B-B46C8D53A7F8}.Release|Any CPU.ActiveCfg = Release|Any CPU
		{A410521F-ED51-4A60-961B-B46C8D53A7F8}.Release|Any CPU.Build.0 = Release|Any CPU
		{12EEE3EB-F2D2-414E-8FD9-D0F30F1E2029}.Debug|Any CPU.ActiveCfg = Debug|Any CPU
		{12EEE3EB-F2D2-414E-8FD9-D0F30F1E2029}.Debug|Any CPU.Build.0 = Debug|Any CPU
		{12EEE3EB-F2D2-414E-8FD9-D0F30F1E2029}.Release|Any CPU.ActiveCfg = Release|Any CPU
		{12EEE3EB-F2D2-414E-8FD9-D0F30F1E2029}.Release|Any CPU.Build.0 = Release|Any CPU
		{6A241F12-2350-4EFF-A1F0-90AA51340F4B}.Debug|Any CPU.ActiveCfg = Debug|Any CPU
		{6A241F12-2350-4EFF-A1F0-90AA51340F4B}.Debug|Any CPU.Build.0 = Debug|Any CPU
		{6A241F12-2350-4EFF-A1F0-90AA51340F4B}.Release|Any CPU.ActiveCfg = Release|Any CPU
		{6A241F12-2350-4EFF-A1F0-90AA51340F4B}.Release|Any CPU.Build.0 = Release|Any CPU
		{DC1C05FD-37EB-4236-B5ED-825848B0D9AF}.Debug|Any CPU.ActiveCfg = Debug|Any CPU
		{DC1C05FD-37EB-4236-B5ED-825848B0D9AF}.Debug|Any CPU.Build.0 = Debug|Any CPU
		{DC1C05FD-37EB-4236-B5ED-825848B0D9AF}.Release|Any CPU.ActiveCfg = Release|Any CPU
		{DC1C05FD-37EB-4236-B5ED-825848B0D9AF}.Release|Any CPU.Build.0 = Release|Any CPU
		{D5F4A33A-8725-45A0-B5D1-4E1EF1EC0518}.Debug|Any CPU.ActiveCfg = Debug|Any CPU
		{D5F4A33A-8725-45A0-B5D1-4E1EF1EC0518}.Debug|Any CPU.Build.0 = Debug|Any CPU
		{D5F4A33A-8725-45A0-B5D1-4E1EF1EC0518}.Release|Any CPU.ActiveCfg = Release|Any CPU
		{D5F4A33A-8725-45A0-B5D1-4E1EF1EC0518}.Release|Any CPU.Build.0 = Release|Any CPU
		{D1173238-4F8D-4DD4-9688-41C559642B7D}.Debug|Any CPU.ActiveCfg = Debug|Any CPU
		{D1173238-4F8D-4DD4-9688-41C559642B7D}.Debug|Any CPU.Build.0 = Debug|Any CPU
		{D1173238-4F8D-4DD4-9688-41C559642B7D}.Release|Any CPU.ActiveCfg = Release|Any CPU
		{D1173238-4F8D-4DD4-9688-41C559642B7D}.Release|Any CPU.Build.0 = Release|Any CPU
		{AB6C8A04-4663-47A6-A3E8-D1F2FFB0BEE0}.Debug|Any CPU.ActiveCfg = Debug|Any CPU
		{AB6C8A04-4663-47A6-A3E8-D1F2FFB0BEE0}.Debug|Any CPU.Build.0 = Debug|Any CPU
		{AB6C8A04-4663-47A6-A3E8-D1F2FFB0BEE0}.Release|Any CPU.ActiveCfg = Release|Any CPU
		{AB6C8A04-4663-47A6-A3E8-D1F2FFB0BEE0}.Release|Any CPU.Build.0 = Release|Any CPU
		{273251DA-E39E-4A04-B0E3-15EBF572E2B1}.Debug|Any CPU.ActiveCfg = Debug|Any CPU
		{273251DA-E39E-4A04-B0E3-15EBF572E2B1}.Debug|Any CPU.Build.0 = Debug|Any CPU
		{273251DA-E39E-4A04-B0E3-15EBF572E2B1}.Release|Any CPU.ActiveCfg = Release|Any CPU
		{273251DA-E39E-4A04-B0E3-15EBF572E2B1}.Release|Any CPU.Build.0 = Release|Any CPU
		{A107CA4E-6669-49E4-8B5C-1B3C56A7B2AE}.Debug|Any CPU.ActiveCfg = Debug|Any CPU
		{A107CA4E-6669-49E4-8B5C-1B3C56A7B2AE}.Debug|Any CPU.Build.0 = Debug|Any CPU
		{A107CA4E-6669-49E4-8B5C-1B3C56A7B2AE}.Release|Any CPU.ActiveCfg = Release|Any CPU
		{A107CA4E-6669-49E4-8B5C-1B3C56A7B2AE}.Release|Any CPU.Build.0 = Release|Any CPU
		{3709F694-1390-429D-BCDC-83BCDE3A24BD}.Debug|Any CPU.ActiveCfg = Debug|Any CPU
		{3709F694-1390-429D-BCDC-83BCDE3A24BD}.Debug|Any CPU.Build.0 = Debug|Any CPU
		{3709F694-1390-429D-BCDC-83BCDE3A24BD}.Release|Any CPU.ActiveCfg = Release|Any CPU
		{3709F694-1390-429D-BCDC-83BCDE3A24BD}.Release|Any CPU.Build.0 = Release|Any CPU
		{4D78EBF5-37D5-4FD8-B01F-65C751F33AAE}.Debug|Any CPU.ActiveCfg = Debug|Any CPU
		{4D78EBF5-37D5-4FD8-B01F-65C751F33AAE}.Debug|Any CPU.Build.0 = Debug|Any CPU
		{4D78EBF5-37D5-4FD8-B01F-65C751F33AAE}.Release|Any CPU.ActiveCfg = Release|Any CPU
		{4D78EBF5-37D5-4FD8-B01F-65C751F33AAE}.Release|Any CPU.Build.0 = Release|Any CPU
		{8416CB45-F8DD-41D9-9555-72DB0E122A09}.Debug|Any CPU.ActiveCfg = Debug|Any CPU
		{8416CB45-F8DD-41D9-9555-72DB0E122A09}.Debug|Any CPU.Build.0 = Debug|Any CPU
		{8416CB45-F8DD-41D9-9555-72DB0E122A09}.Release|Any CPU.ActiveCfg = Release|Any CPU
		{8416CB45-F8DD-41D9-9555-72DB0E122A09}.Release|Any CPU.Build.0 = Release|Any CPU
		{8E6C665B-5673-4B36-BECB-280954BF7202}.Debug|Any CPU.ActiveCfg = Debug|Any CPU
		{8E6C665B-5673-4B36-BECB-280954BF7202}.Debug|Any CPU.Build.0 = Debug|Any CPU
		{8E6C665B-5673-4B36-BECB-280954BF7202}.Release|Any CPU.ActiveCfg = Release|Any CPU
		{8E6C665B-5673-4B36-BECB-280954BF7202}.Release|Any CPU.Build.0 = Release|Any CPU
		{C2C74ED8-323F-48D8-9E77-D73C48E0615B}.Debug|Any CPU.ActiveCfg = Debug|Any CPU
		{C2C74ED8-323F-48D8-9E77-D73C48E0615B}.Debug|Any CPU.Build.0 = Debug|Any CPU
		{C2C74ED8-323F-48D8-9E77-D73C48E0615B}.Release|Any CPU.ActiveCfg = Release|Any CPU
		{C2C74ED8-323F-48D8-9E77-D73C48E0615B}.Release|Any CPU.Build.0 = Release|Any CPU
		{855F5B69-0A67-4798-BB5F-1356B25DA82F}.Debug|Any CPU.ActiveCfg = Debug|Any CPU
		{855F5B69-0A67-4798-BB5F-1356B25DA82F}.Debug|Any CPU.Build.0 = Debug|Any CPU
		{855F5B69-0A67-4798-BB5F-1356B25DA82F}.Release|Any CPU.ActiveCfg = Release|Any CPU
		{855F5B69-0A67-4798-BB5F-1356B25DA82F}.Release|Any CPU.Build.0 = Release|Any CPU
		{09E478B6-FAF4-4487-B06A-799BED47CE3E}.Debug|Any CPU.ActiveCfg = Debug|Any CPU
		{09E478B6-FAF4-4487-B06A-799BED47CE3E}.Debug|Any CPU.Build.0 = Debug|Any CPU
		{09E478B6-FAF4-4487-B06A-799BED47CE3E}.Release|Any CPU.ActiveCfg = Release|Any CPU
		{09E478B6-FAF4-4487-B06A-799BED47CE3E}.Release|Any CPU.Build.0 = Release|Any CPU
		{CA6EFCE3-4A55-4A8C-8289-4B73789D6645}.Debug|Any CPU.ActiveCfg = Debug|Any CPU
		{CA6EFCE3-4A55-4A8C-8289-4B73789D6645}.Debug|Any CPU.Build.0 = Debug|Any CPU
		{CA6EFCE3-4A55-4A8C-8289-4B73789D6645}.Release|Any CPU.ActiveCfg = Release|Any CPU
		{CA6EFCE3-4A55-4A8C-8289-4B73789D6645}.Release|Any CPU.Build.0 = Release|Any CPU
		{74CB23E1-5B5C-46DA-A169-45AEC60DF3BA}.Debug|Any CPU.ActiveCfg = Debug|Any CPU
		{74CB23E1-5B5C-46DA-A169-45AEC60DF3BA}.Debug|Any CPU.Build.0 = Debug|Any CPU
		{74CB23E1-5B5C-46DA-A169-45AEC60DF3BA}.Release|Any CPU.ActiveCfg = Release|Any CPU
		{74CB23E1-5B5C-46DA-A169-45AEC60DF3BA}.Release|Any CPU.Build.0 = Release|Any CPU
		{C7D6E9D9-8821-4F30-BE0E-9DD489612237}.Debug|Any CPU.ActiveCfg = Debug|Any CPU
		{C7D6E9D9-8821-4F30-BE0E-9DD489612237}.Debug|Any CPU.Build.0 = Debug|Any CPU
		{C7D6E9D9-8821-4F30-BE0E-9DD489612237}.Release|Any CPU.ActiveCfg = Release|Any CPU
		{C7D6E9D9-8821-4F30-BE0E-9DD489612237}.Release|Any CPU.Build.0 = Release|Any CPU
		{CE745238-3CD7-4099-9838-10A75671FF78}.Debug|Any CPU.ActiveCfg = Debug|Any CPU
		{CE745238-3CD7-4099-9838-10A75671FF78}.Debug|Any CPU.Build.0 = Debug|Any CPU
		{CE745238-3CD7-4099-9838-10A75671FF78}.Release|Any CPU.ActiveCfg = Release|Any CPU
		{CE745238-3CD7-4099-9838-10A75671FF78}.Release|Any CPU.Build.0 = Release|Any CPU
		{85569480-2119-4A72-9780-3D4F1BBE8D29}.Debug|Any CPU.ActiveCfg = Debug|Any CPU
		{85569480-2119-4A72-9780-3D4F1BBE8D29}.Debug|Any CPU.Build.0 = Debug|Any CPU
		{85569480-2119-4A72-9780-3D4F1BBE8D29}.Release|Any CPU.ActiveCfg = Release|Any CPU
		{85569480-2119-4A72-9780-3D4F1BBE8D29}.Release|Any CPU.Build.0 = Release|Any CPU
		{5C5A12A1-85CA-45C6-BE99-9532FFBE3146}.Debug|Any CPU.ActiveCfg = Debug|Any CPU
		{5C5A12A1-85CA-45C6-BE99-9532FFBE3146}.Debug|Any CPU.Build.0 = Debug|Any CPU
		{5C5A12A1-85CA-45C6-BE99-9532FFBE3146}.Release|Any CPU.ActiveCfg = Release|Any CPU
		{5C5A12A1-85CA-45C6-BE99-9532FFBE3146}.Release|Any CPU.Build.0 = Release|Any CPU
		{2E039769-36E5-4104-BCD5-65220FD39F09}.Debug|Any CPU.ActiveCfg = Debug|Any CPU
		{2E039769-36E5-4104-BCD5-65220FD39F09}.Debug|Any CPU.Build.0 = Debug|Any CPU
		{2E039769-36E5-4104-BCD5-65220FD39F09}.Release|Any CPU.ActiveCfg = Release|Any CPU
		{2E039769-36E5-4104-BCD5-65220FD39F09}.Release|Any CPU.Build.0 = Release|Any CPU
		{A2085A42-7983-464A-AC8A-1B4687EA78F4}.Debug|Any CPU.ActiveCfg = Debug|Any CPU
		{A2085A42-7983-464A-AC8A-1B4687EA78F4}.Debug|Any CPU.Build.0 = Debug|Any CPU
		{A2085A42-7983-464A-AC8A-1B4687EA78F4}.Release|Any CPU.ActiveCfg = Release|Any CPU
		{A2085A42-7983-464A-AC8A-1B4687EA78F4}.Release|Any CPU.Build.0 = Release|Any CPU
		{F9920F41-0209-4B36-AEE1-BC235E17401D}.Debug|Any CPU.ActiveCfg = Debug|Any CPU
		{F9920F41-0209-4B36-AEE1-BC235E17401D}.Debug|Any CPU.Build.0 = Debug|Any CPU
		{F9920F41-0209-4B36-AEE1-BC235E17401D}.Release|Any CPU.ActiveCfg = Release|Any CPU
		{F9920F41-0209-4B36-AEE1-BC235E17401D}.Release|Any CPU.Build.0 = Release|Any CPU
		{7C18AD88-DAC6-454D-84AE-A82E3F9E7D8C}.Debug|Any CPU.ActiveCfg = Debug|Any CPU
		{7C18AD88-DAC6-454D-84AE-A82E3F9E7D8C}.Debug|Any CPU.Build.0 = Debug|Any CPU
		{7C18AD88-DAC6-454D-84AE-A82E3F9E7D8C}.Release|Any CPU.ActiveCfg = Release|Any CPU
		{7C18AD88-DAC6-454D-84AE-A82E3F9E7D8C}.Release|Any CPU.Build.0 = Release|Any CPU
		{639A135A-3295-4DD6-9904-9ED99BDA9D02}.Debug|Any CPU.ActiveCfg = Debug|Any CPU
		{639A135A-3295-4DD6-9904-9ED99BDA9D02}.Debug|Any CPU.Build.0 = Debug|Any CPU
		{639A135A-3295-4DD6-9904-9ED99BDA9D02}.Release|Any CPU.ActiveCfg = Release|Any CPU
		{639A135A-3295-4DD6-9904-9ED99BDA9D02}.Release|Any CPU.Build.0 = Release|Any CPU
		{42531586-1123-4E69-A69A-4E2D16BA16DA}.Debug|Any CPU.ActiveCfg = Debug|Any CPU
		{42531586-1123-4E69-A69A-4E2D16BA16DA}.Debug|Any CPU.Build.0 = Debug|Any CPU
		{42531586-1123-4E69-A69A-4E2D16BA16DA}.Release|Any CPU.ActiveCfg = Release|Any CPU
		{42531586-1123-4E69-A69A-4E2D16BA16DA}.Release|Any CPU.Build.0 = Release|Any CPU
		{CD6D4BC6-3DA5-4701-A0D4-0E2DCDD9E93C}.Debug|Any CPU.ActiveCfg = Debug|Any CPU
		{CD6D4BC6-3DA5-4701-A0D4-0E2DCDD9E93C}.Debug|Any CPU.Build.0 = Debug|Any CPU
		{CD6D4BC6-3DA5-4701-A0D4-0E2DCDD9E93C}.Release|Any CPU.ActiveCfg = Release|Any CPU
		{CD6D4BC6-3DA5-4701-A0D4-0E2DCDD9E93C}.Release|Any CPU.Build.0 = Release|Any CPU
		{3AD88B30-E7BD-40B1-90F9-AF4F6EAE9478}.Debug|Any CPU.ActiveCfg = Debug|Any CPU
		{3AD88B30-E7BD-40B1-90F9-AF4F6EAE9478}.Debug|Any CPU.Build.0 = Debug|Any CPU
		{3AD88B30-E7BD-40B1-90F9-AF4F6EAE9478}.Release|Any CPU.ActiveCfg = Release|Any CPU
		{3AD88B30-E7BD-40B1-90F9-AF4F6EAE9478}.Release|Any CPU.Build.0 = Release|Any CPU
		{3F955206-BEFD-44DD-8007-01B6B96C4C4F}.Debug|Any CPU.ActiveCfg = Debug|Any CPU
		{3F955206-BEFD-44DD-8007-01B6B96C4C4F}.Debug|Any CPU.Build.0 = Debug|Any CPU
		{3F955206-BEFD-44DD-8007-01B6B96C4C4F}.Release|Any CPU.ActiveCfg = Release|Any CPU
		{3F955206-BEFD-44DD-8007-01B6B96C4C4F}.Release|Any CPU.Build.0 = Release|Any CPU
		{3791869D-8E87-4FD3-895C-64F290CA6711}.Debug|Any CPU.ActiveCfg = Debug|Any CPU
		{3791869D-8E87-4FD3-895C-64F290CA6711}.Debug|Any CPU.Build.0 = Debug|Any CPU
		{3791869D-8E87-4FD3-895C-64F290CA6711}.Release|Any CPU.ActiveCfg = Release|Any CPU
		{3791869D-8E87-4FD3-895C-64F290CA6711}.Release|Any CPU.Build.0 = Release|Any CPU
		{EC6CA833-E54D-4CF9-B50A-8DDE79A399D0}.Debug|Any CPU.ActiveCfg = Debug|Any CPU
		{EC6CA833-E54D-4CF9-B50A-8DDE79A399D0}.Debug|Any CPU.Build.0 = Debug|Any CPU
		{EC6CA833-E54D-4CF9-B50A-8DDE79A399D0}.Release|Any CPU.ActiveCfg = Release|Any CPU
		{EC6CA833-E54D-4CF9-B50A-8DDE79A399D0}.Release|Any CPU.Build.0 = Release|Any CPU
		{900CDC48-C423-4477-B9D0-AE0B99FFAAD3}.Debug|Any CPU.ActiveCfg = Debug|Any CPU
		{900CDC48-C423-4477-B9D0-AE0B99FFAAD3}.Debug|Any CPU.Build.0 = Debug|Any CPU
		{900CDC48-C423-4477-B9D0-AE0B99FFAAD3}.Release|Any CPU.ActiveCfg = Release|Any CPU
		{900CDC48-C423-4477-B9D0-AE0B99FFAAD3}.Release|Any CPU.Build.0 = Release|Any CPU
		{75D08D4D-3A4B-4340-A12A-551CD7228EEC}.Debug|Any CPU.ActiveCfg = Debug|Any CPU
		{75D08D4D-3A4B-4340-A12A-551CD7228EEC}.Debug|Any CPU.Build.0 = Debug|Any CPU
		{75D08D4D-3A4B-4340-A12A-551CD7228EEC}.Release|Any CPU.ActiveCfg = Release|Any CPU
		{75D08D4D-3A4B-4340-A12A-551CD7228EEC}.Release|Any CPU.Build.0 = Release|Any CPU
		{218E8DDE-EA91-4E0A-948D-2A0A859964CB}.Debug|Any CPU.ActiveCfg = Debug|Any CPU
		{218E8DDE-EA91-4E0A-948D-2A0A859964CB}.Debug|Any CPU.Build.0 = Debug|Any CPU
		{218E8DDE-EA91-4E0A-948D-2A0A859964CB}.Release|Any CPU.ActiveCfg = Release|Any CPU
		{218E8DDE-EA91-4E0A-948D-2A0A859964CB}.Release|Any CPU.Build.0 = Release|Any CPU
		{04B867FE-B3B8-4ABA-A89B-A56B7777D8DC}.Debug|Any CPU.ActiveCfg = Debug|Any CPU
		{04B867FE-B3B8-4ABA-A89B-A56B7777D8DC}.Debug|Any CPU.Build.0 = Debug|Any CPU
		{04B867FE-B3B8-4ABA-A89B-A56B7777D8DC}.Release|Any CPU.ActiveCfg = Release|Any CPU
		{04B867FE-B3B8-4ABA-A89B-A56B7777D8DC}.Release|Any CPU.Build.0 = Release|Any CPU
		{5BF85D52-A97F-42F9-851A-077B44BCAE6F}.Debug|Any CPU.ActiveCfg = Debug|Any CPU
		{5BF85D52-A97F-42F9-851A-077B44BCAE6F}.Debug|Any CPU.Build.0 = Debug|Any CPU
		{5BF85D52-A97F-42F9-851A-077B44BCAE6F}.Release|Any CPU.ActiveCfg = Release|Any CPU
		{5BF85D52-A97F-42F9-851A-077B44BCAE6F}.Release|Any CPU.Build.0 = Release|Any CPU
		{477E0BD5-82AA-48AA-AAFB-C3D804F81CBA}.Debug|Any CPU.ActiveCfg = Debug|Any CPU
		{477E0BD5-82AA-48AA-AAFB-C3D804F81CBA}.Debug|Any CPU.Build.0 = Debug|Any CPU
		{477E0BD5-82AA-48AA-AAFB-C3D804F81CBA}.Release|Any CPU.ActiveCfg = Release|Any CPU
		{477E0BD5-82AA-48AA-AAFB-C3D804F81CBA}.Release|Any CPU.Build.0 = Release|Any CPU
		{F52ABBCA-7FEB-468E-A010-535AF56DB1E7}.Debug|Any CPU.ActiveCfg = Debug|Any CPU
		{F52ABBCA-7FEB-468E-A010-535AF56DB1E7}.Debug|Any CPU.Build.0 = Debug|Any CPU
		{F52ABBCA-7FEB-468E-A010-535AF56DB1E7}.Release|Any CPU.ActiveCfg = Release|Any CPU
		{F52ABBCA-7FEB-468E-A010-535AF56DB1E7}.Release|Any CPU.Build.0 = Release|Any CPU
		{6747BDCF-DEAE-438D-A2E4-7B11878086D0}.Debug|Any CPU.ActiveCfg = Debug|Any CPU
		{6747BDCF-DEAE-438D-A2E4-7B11878086D0}.Debug|Any CPU.Build.0 = Debug|Any CPU
		{6747BDCF-DEAE-438D-A2E4-7B11878086D0}.Release|Any CPU.ActiveCfg = Release|Any CPU
		{6747BDCF-DEAE-438D-A2E4-7B11878086D0}.Release|Any CPU.Build.0 = Release|Any CPU
		{60DCCB37-4AF3-4512-8193-FF5984522158}.Debug|Any CPU.ActiveCfg = Debug|Any CPU
		{60DCCB37-4AF3-4512-8193-FF5984522158}.Debug|Any CPU.Build.0 = Debug|Any CPU
		{60DCCB37-4AF3-4512-8193-FF5984522158}.Release|Any CPU.ActiveCfg = Release|Any CPU
		{60DCCB37-4AF3-4512-8193-FF5984522158}.Release|Any CPU.Build.0 = Release|Any CPU
		{47391370-EF78-4497-B2EB-6DD4E22632A9}.Debug|Any CPU.ActiveCfg = Debug|Any CPU
		{47391370-EF78-4497-B2EB-6DD4E22632A9}.Debug|Any CPU.Build.0 = Debug|Any CPU
		{47391370-EF78-4497-B2EB-6DD4E22632A9}.Release|Any CPU.ActiveCfg = Release|Any CPU
		{47391370-EF78-4497-B2EB-6DD4E22632A9}.Release|Any CPU.Build.0 = Release|Any CPU
		{31B93F15-EA89-4F5F-A4CB-FF79E3CC433E}.Debug|Any CPU.ActiveCfg = Debug|Any CPU
		{31B93F15-EA89-4F5F-A4CB-FF79E3CC433E}.Debug|Any CPU.Build.0 = Debug|Any CPU
		{31B93F15-EA89-4F5F-A4CB-FF79E3CC433E}.Release|Any CPU.ActiveCfg = Release|Any CPU
		{31B93F15-EA89-4F5F-A4CB-FF79E3CC433E}.Release|Any CPU.Build.0 = Release|Any CPU
		{193591AB-718C-416C-BCA6-35C46A146CD5}.Debug|Any CPU.ActiveCfg = Debug|Any CPU
		{193591AB-718C-416C-BCA6-35C46A146CD5}.Debug|Any CPU.Build.0 = Debug|Any CPU
		{193591AB-718C-416C-BCA6-35C46A146CD5}.Release|Any CPU.ActiveCfg = Release|Any CPU
		{193591AB-718C-416C-BCA6-35C46A146CD5}.Release|Any CPU.Build.0 = Release|Any CPU
		{1C94B655-85F1-4257-AA7A-F4EABDBADBE0}.Debug|Any CPU.ActiveCfg = Debug|Any CPU
		{1C94B655-85F1-4257-AA7A-F4EABDBADBE0}.Debug|Any CPU.Build.0 = Debug|Any CPU
		{1C94B655-85F1-4257-AA7A-F4EABDBADBE0}.Release|Any CPU.ActiveCfg = Release|Any CPU
		{1C94B655-85F1-4257-AA7A-F4EABDBADBE0}.Release|Any CPU.Build.0 = Release|Any CPU
		{C6FEAD76-EA9A-46D5-84B5-29D7061B4857}.Debug|Any CPU.ActiveCfg = Debug|Any CPU
		{C6FEAD76-EA9A-46D5-84B5-29D7061B4857}.Debug|Any CPU.Build.0 = Debug|Any CPU
		{C6FEAD76-EA9A-46D5-84B5-29D7061B4857}.Release|Any CPU.ActiveCfg = Release|Any CPU
		{C6FEAD76-EA9A-46D5-84B5-29D7061B4857}.Release|Any CPU.Build.0 = Release|Any CPU
		{68116EC7-6C23-452E-8C3B-F80E43146F2E}.Debug|Any CPU.ActiveCfg = Debug|Any CPU
		{68116EC7-6C23-452E-8C3B-F80E43146F2E}.Debug|Any CPU.Build.0 = Debug|Any CPU
		{68116EC7-6C23-452E-8C3B-F80E43146F2E}.Release|Any CPU.ActiveCfg = Release|Any CPU
		{68116EC7-6C23-452E-8C3B-F80E43146F2E}.Release|Any CPU.Build.0 = Release|Any CPU
		{5AC67649-1D16-4D0F-A291-07BFDB21DA97}.Debug|Any CPU.ActiveCfg = Debug|Any CPU
		{5AC67649-1D16-4D0F-A291-07BFDB21DA97}.Debug|Any CPU.Build.0 = Debug|Any CPU
		{5AC67649-1D16-4D0F-A291-07BFDB21DA97}.Release|Any CPU.ActiveCfg = Release|Any CPU
		{5AC67649-1D16-4D0F-A291-07BFDB21DA97}.Release|Any CPU.Build.0 = Release|Any CPU
		{43E83420-74F1-4DD4-8785-51D7CC215A13}.Debug|Any CPU.ActiveCfg = Debug|Any CPU
		{43E83420-74F1-4DD4-8785-51D7CC215A13}.Debug|Any CPU.Build.0 = Debug|Any CPU
		{43E83420-74F1-4DD4-8785-51D7CC215A13}.Release|Any CPU.ActiveCfg = Release|Any CPU
		{43E83420-74F1-4DD4-8785-51D7CC215A13}.Release|Any CPU.Build.0 = Release|Any CPU
		{7808025F-9271-4C14-A165-FFF60FDA4AD0}.Debug|Any CPU.ActiveCfg = Debug|Any CPU
		{7808025F-9271-4C14-A165-FFF60FDA4AD0}.Debug|Any CPU.Build.0 = Debug|Any CPU
		{7808025F-9271-4C14-A165-FFF60FDA4AD0}.Release|Any CPU.ActiveCfg = Release|Any CPU
		{7808025F-9271-4C14-A165-FFF60FDA4AD0}.Release|Any CPU.Build.0 = Release|Any CPU
		{A418A0FB-414F-4C22-A2FC-1B5BBE7E8DBA}.Debug|Any CPU.ActiveCfg = Debug|Any CPU
		{A418A0FB-414F-4C22-A2FC-1B5BBE7E8DBA}.Debug|Any CPU.Build.0 = Debug|Any CPU
		{A418A0FB-414F-4C22-A2FC-1B5BBE7E8DBA}.Release|Any CPU.ActiveCfg = Release|Any CPU
		{A418A0FB-414F-4C22-A2FC-1B5BBE7E8DBA}.Release|Any CPU.Build.0 = Release|Any CPU
		{6BFC7A24-7E55-42FB-A1E4-A8F432CC043E}.Debug|Any CPU.ActiveCfg = Debug|Any CPU
		{6BFC7A24-7E55-42FB-A1E4-A8F432CC043E}.Debug|Any CPU.Build.0 = Debug|Any CPU
		{6BFC7A24-7E55-42FB-A1E4-A8F432CC043E}.Release|Any CPU.ActiveCfg = Release|Any CPU
		{6BFC7A24-7E55-42FB-A1E4-A8F432CC043E}.Release|Any CPU.Build.0 = Release|Any CPU
		{468CDEB2-FD75-4E8A-8451-FDD55B837257}.Debug|Any CPU.ActiveCfg = Debug|Any CPU
		{468CDEB2-FD75-4E8A-8451-FDD55B837257}.Debug|Any CPU.Build.0 = Debug|Any CPU
		{468CDEB2-FD75-4E8A-8451-FDD55B837257}.Release|Any CPU.ActiveCfg = Release|Any CPU
		{468CDEB2-FD75-4E8A-8451-FDD55B837257}.Release|Any CPU.Build.0 = Release|Any CPU
		{BBB47F0F-0E29-414A-BDE9-5979A0D68E63}.Debug|Any CPU.ActiveCfg = Debug|Any CPU
		{BBB47F0F-0E29-414A-BDE9-5979A0D68E63}.Debug|Any CPU.Build.0 = Debug|Any CPU
		{BBB47F0F-0E29-414A-BDE9-5979A0D68E63}.Release|Any CPU.ActiveCfg = Release|Any CPU
		{BBB47F0F-0E29-414A-BDE9-5979A0D68E63}.Release|Any CPU.Build.0 = Release|Any CPU
		{929764DE-C683-4727-BD7A-E149DD0482C1}.Debug|Any CPU.ActiveCfg = Debug|Any CPU
		{929764DE-C683-4727-BD7A-E149DD0482C1}.Debug|Any CPU.Build.0 = Debug|Any CPU
		{929764DE-C683-4727-BD7A-E149DD0482C1}.Release|Any CPU.ActiveCfg = Release|Any CPU
		{929764DE-C683-4727-BD7A-E149DD0482C1}.Release|Any CPU.Build.0 = Release|Any CPU
		{22168209-AACC-49EE-B355-B543D3F0258C}.Debug|Any CPU.ActiveCfg = Debug|Any CPU
		{22168209-AACC-49EE-B355-B543D3F0258C}.Debug|Any CPU.Build.0 = Debug|Any CPU
		{22168209-AACC-49EE-B355-B543D3F0258C}.Release|Any CPU.ActiveCfg = Release|Any CPU
		{22168209-AACC-49EE-B355-B543D3F0258C}.Release|Any CPU.Build.0 = Release|Any CPU
		{9A72F4EB-1C52-4CCD-BECB-D593DDF41A5D}.Debug|Any CPU.ActiveCfg = Debug|Any CPU
		{9A72F4EB-1C52-4CCD-BECB-D593DDF41A5D}.Debug|Any CPU.Build.0 = Debug|Any CPU
		{9A72F4EB-1C52-4CCD-BECB-D593DDF41A5D}.Release|Any CPU.ActiveCfg = Release|Any CPU
		{9A72F4EB-1C52-4CCD-BECB-D593DDF41A5D}.Release|Any CPU.Build.0 = Release|Any CPU
		{EAABC97D-4CDD-486E-983A-3153BECB9B91}.Debug|Any CPU.ActiveCfg = Debug|Any CPU
		{EAABC97D-4CDD-486E-983A-3153BECB9B91}.Debug|Any CPU.Build.0 = Debug|Any CPU
		{EAABC97D-4CDD-486E-983A-3153BECB9B91}.Release|Any CPU.ActiveCfg = Release|Any CPU
		{EAABC97D-4CDD-486E-983A-3153BECB9B91}.Release|Any CPU.Build.0 = Release|Any CPU
		{17BE10D4-B5B3-4DD9-91B5-13CD99A3AD93}.Debug|Any CPU.ActiveCfg = Debug|Any CPU
		{17BE10D4-B5B3-4DD9-91B5-13CD99A3AD93}.Debug|Any CPU.Build.0 = Debug|Any CPU
		{17BE10D4-B5B3-4DD9-91B5-13CD99A3AD93}.Release|Any CPU.ActiveCfg = Release|Any CPU
		{17BE10D4-B5B3-4DD9-91B5-13CD99A3AD93}.Release|Any CPU.Build.0 = Release|Any CPU
		{68D2D9AD-9E84-4C88-A62F-B2B9485016AF}.Debug|Any CPU.ActiveCfg = Debug|Any CPU
		{68D2D9AD-9E84-4C88-A62F-B2B9485016AF}.Debug|Any CPU.Build.0 = Debug|Any CPU
		{68D2D9AD-9E84-4C88-A62F-B2B9485016AF}.Release|Any CPU.ActiveCfg = Release|Any CPU
		{68D2D9AD-9E84-4C88-A62F-B2B9485016AF}.Release|Any CPU.Build.0 = Release|Any CPU
		{63C66D44-2A4D-4108-B8C4-B71C87461143}.Debug|Any CPU.ActiveCfg = Debug|Any CPU
		{63C66D44-2A4D-4108-B8C4-B71C87461143}.Debug|Any CPU.Build.0 = Debug|Any CPU
		{63C66D44-2A4D-4108-B8C4-B71C87461143}.Release|Any CPU.ActiveCfg = Release|Any CPU
		{63C66D44-2A4D-4108-B8C4-B71C87461143}.Release|Any CPU.Build.0 = Release|Any CPU
		{CE5FDFEE-9F2C-4044-A8EA-67BA04B559C8}.Debug|Any CPU.ActiveCfg = Debug|Any CPU
		{CE5FDFEE-9F2C-4044-A8EA-67BA04B559C8}.Debug|Any CPU.Build.0 = Debug|Any CPU
		{CE5FDFEE-9F2C-4044-A8EA-67BA04B559C8}.Release|Any CPU.ActiveCfg = Release|Any CPU
		{CE5FDFEE-9F2C-4044-A8EA-67BA04B559C8}.Release|Any CPU.Build.0 = Release|Any CPU
		{8BFE558C-E8F1-4936-8BF0-AB34F06603B9}.Debug|Any CPU.ActiveCfg = Debug|Any CPU
		{8BFE558C-E8F1-4936-8BF0-AB34F06603B9}.Debug|Any CPU.Build.0 = Debug|Any CPU
		{8BFE558C-E8F1-4936-8BF0-AB34F06603B9}.Release|Any CPU.ActiveCfg = Release|Any CPU
		{8BFE558C-E8F1-4936-8BF0-AB34F06603B9}.Release|Any CPU.Build.0 = Release|Any CPU
		{D70061BD-BD85-46DF-B00C-758D6800675C}.Debug|Any CPU.ActiveCfg = Debug|Any CPU
		{D70061BD-BD85-46DF-B00C-758D6800675C}.Debug|Any CPU.Build.0 = Debug|Any CPU
		{D70061BD-BD85-46DF-B00C-758D6800675C}.Release|Any CPU.ActiveCfg = Release|Any CPU
		{D70061BD-BD85-46DF-B00C-758D6800675C}.Release|Any CPU.Build.0 = Release|Any CPU
		{C73B5354-612E-451F-96B2-23243ECF68DA}.Debug|Any CPU.ActiveCfg = Debug|Any CPU
		{C73B5354-612E-451F-96B2-23243ECF68DA}.Debug|Any CPU.Build.0 = Debug|Any CPU
		{C73B5354-612E-451F-96B2-23243ECF68DA}.Release|Any CPU.ActiveCfg = Release|Any CPU
		{C73B5354-612E-451F-96B2-23243ECF68DA}.Release|Any CPU.Build.0 = Release|Any CPU
		{9EB592C3-E2F4-435C-AD71-E814FF8B659D}.Debug|Any CPU.ActiveCfg = Debug|Any CPU
		{9EB592C3-E2F4-435C-AD71-E814FF8B659D}.Debug|Any CPU.Build.0 = Debug|Any CPU
		{9EB592C3-E2F4-435C-AD71-E814FF8B659D}.Release|Any CPU.ActiveCfg = Release|Any CPU
		{9EB592C3-E2F4-435C-AD71-E814FF8B659D}.Release|Any CPU.Build.0 = Release|Any CPU
		{A492D65C-2AF7-4A4D-9665-330FA7BBCACD}.Debug|Any CPU.ActiveCfg = Debug|Any CPU
		{A492D65C-2AF7-4A4D-9665-330FA7BBCACD}.Debug|Any CPU.Build.0 = Debug|Any CPU
		{A492D65C-2AF7-4A4D-9665-330FA7BBCACD}.Release|Any CPU.ActiveCfg = Release|Any CPU
		{A492D65C-2AF7-4A4D-9665-330FA7BBCACD}.Release|Any CPU.Build.0 = Release|Any CPU
		{8AB5A145-66B2-43C3-8ACE-13F6BF7F2059}.Debug|Any CPU.ActiveCfg = Debug|Any CPU
		{8AB5A145-66B2-43C3-8ACE-13F6BF7F2059}.Debug|Any CPU.Build.0 = Debug|Any CPU
		{8AB5A145-66B2-43C3-8ACE-13F6BF7F2059}.Release|Any CPU.ActiveCfg = Release|Any CPU
		{8AB5A145-66B2-43C3-8ACE-13F6BF7F2059}.Release|Any CPU.Build.0 = Release|Any CPU
		{46ECA8AC-7C75-46D1-919C-48FF2505CE02}.Debug|Any CPU.ActiveCfg = Debug|Any CPU
		{46ECA8AC-7C75-46D1-919C-48FF2505CE02}.Debug|Any CPU.Build.0 = Debug|Any CPU
		{46ECA8AC-7C75-46D1-919C-48FF2505CE02}.Release|Any CPU.ActiveCfg = Release|Any CPU
		{46ECA8AC-7C75-46D1-919C-48FF2505CE02}.Release|Any CPU.Build.0 = Release|Any CPU
		{BF3C2104-80B9-4022-9774-F9DEFAA30514}.Debug|Any CPU.ActiveCfg = Debug|Any CPU
		{BF3C2104-80B9-4022-9774-F9DEFAA30514}.Debug|Any CPU.Build.0 = Debug|Any CPU
		{BF3C2104-80B9-4022-9774-F9DEFAA30514}.Release|Any CPU.ActiveCfg = Release|Any CPU
		{BF3C2104-80B9-4022-9774-F9DEFAA30514}.Release|Any CPU.Build.0 = Release|Any CPU
		{2B568785-B14C-4AE8-B878-A5483932B110}.Debug|Any CPU.ActiveCfg = Debug|Any CPU
		{2B568785-B14C-4AE8-B878-A5483932B110}.Debug|Any CPU.Build.0 = Debug|Any CPU
		{2B568785-B14C-4AE8-B878-A5483932B110}.Release|Any CPU.ActiveCfg = Release|Any CPU
		{2B568785-B14C-4AE8-B878-A5483932B110}.Release|Any CPU.Build.0 = Release|Any CPU
		{E94C91FE-9723-4DCD-8B08-62C03E5F8E9D}.Debug|Any CPU.ActiveCfg = Debug|Any CPU
		{E94C91FE-9723-4DCD-8B08-62C03E5F8E9D}.Debug|Any CPU.Build.0 = Debug|Any CPU
		{E94C91FE-9723-4DCD-8B08-62C03E5F8E9D}.Release|Any CPU.ActiveCfg = Release|Any CPU
		{E94C91FE-9723-4DCD-8B08-62C03E5F8E9D}.Release|Any CPU.Build.0 = Release|Any CPU
		{EA0DD5FC-B0EB-4171-BBFD-FA0BFB2A8939}.Debug|Any CPU.ActiveCfg = Debug|Any CPU
		{EA0DD5FC-B0EB-4171-BBFD-FA0BFB2A8939}.Debug|Any CPU.Build.0 = Debug|Any CPU
		{EA0DD5FC-B0EB-4171-BBFD-FA0BFB2A8939}.Release|Any CPU.ActiveCfg = Release|Any CPU
		{EA0DD5FC-B0EB-4171-BBFD-FA0BFB2A8939}.Release|Any CPU.Build.0 = Release|Any CPU
		{516D933C-0BE8-4076-8706-4F1873E6B2B0}.Debug|Any CPU.ActiveCfg = Debug|Any CPU
		{516D933C-0BE8-4076-8706-4F1873E6B2B0}.Debug|Any CPU.Build.0 = Debug|Any CPU
		{516D933C-0BE8-4076-8706-4F1873E6B2B0}.Release|Any CPU.ActiveCfg = Release|Any CPU
		{516D933C-0BE8-4076-8706-4F1873E6B2B0}.Release|Any CPU.Build.0 = Release|Any CPU
		{148400C5-E1D5-4350-85A2-312171B31081}.Debug|Any CPU.ActiveCfg = Debug|Any CPU
		{148400C5-E1D5-4350-85A2-312171B31081}.Debug|Any CPU.Build.0 = Debug|Any CPU
		{148400C5-E1D5-4350-85A2-312171B31081}.Release|Any CPU.ActiveCfg = Release|Any CPU
		{148400C5-E1D5-4350-85A2-312171B31081}.Release|Any CPU.Build.0 = Release|Any CPU
		{1C092ADE-26BC-4BE8-A7DE-540FCE925135}.Debug|Any CPU.ActiveCfg = Debug|Any CPU
		{1C092ADE-26BC-4BE8-A7DE-540FCE925135}.Debug|Any CPU.Build.0 = Debug|Any CPU
		{1C092ADE-26BC-4BE8-A7DE-540FCE925135}.Release|Any CPU.ActiveCfg = Release|Any CPU
		{1C092ADE-26BC-4BE8-A7DE-540FCE925135}.Release|Any CPU.Build.0 = Release|Any CPU
		{1D8F0D06-3D07-42B3-860B-1F1CD07275AB}.Debug|Any CPU.ActiveCfg = Debug|Any CPU
		{1D8F0D06-3D07-42B3-860B-1F1CD07275AB}.Debug|Any CPU.Build.0 = Debug|Any CPU
		{1D8F0D06-3D07-42B3-860B-1F1CD07275AB}.Release|Any CPU.ActiveCfg = Release|Any CPU
		{1D8F0D06-3D07-42B3-860B-1F1CD07275AB}.Release|Any CPU.Build.0 = Release|Any CPU
		{D04F3AD2-6D15-49E0-AF44-507BF409BD4F}.Debug|Any CPU.ActiveCfg = Debug|Any CPU
		{D04F3AD2-6D15-49E0-AF44-507BF409BD4F}.Debug|Any CPU.Build.0 = Debug|Any CPU
		{D04F3AD2-6D15-49E0-AF44-507BF409BD4F}.Release|Any CPU.ActiveCfg = Release|Any CPU
		{D04F3AD2-6D15-49E0-AF44-507BF409BD4F}.Release|Any CPU.Build.0 = Release|Any CPU
		{4BF06125-2C8B-469A-89BE-9EB73FC9DBDF}.Debug|Any CPU.ActiveCfg = Debug|Any CPU
		{4BF06125-2C8B-469A-89BE-9EB73FC9DBDF}.Debug|Any CPU.Build.0 = Debug|Any CPU
		{4BF06125-2C8B-469A-89BE-9EB73FC9DBDF}.Release|Any CPU.ActiveCfg = Release|Any CPU
		{4BF06125-2C8B-469A-89BE-9EB73FC9DBDF}.Release|Any CPU.Build.0 = Release|Any CPU
		{F649C20E-5F1D-4273-AE1F-E8964BC55AB9}.Debug|Any CPU.ActiveCfg = Debug|Any CPU
		{F649C20E-5F1D-4273-AE1F-E8964BC55AB9}.Debug|Any CPU.Build.0 = Debug|Any CPU
		{F649C20E-5F1D-4273-AE1F-E8964BC55AB9}.Release|Any CPU.ActiveCfg = Release|Any CPU
		{F649C20E-5F1D-4273-AE1F-E8964BC55AB9}.Release|Any CPU.Build.0 = Release|Any CPU
		{E0E8D98C-61FE-4D92-88B8-52355D6F14BD}.Debug|Any CPU.ActiveCfg = Debug|Any CPU
		{E0E8D98C-61FE-4D92-88B8-52355D6F14BD}.Debug|Any CPU.Build.0 = Debug|Any CPU
		{E0E8D98C-61FE-4D92-88B8-52355D6F14BD}.Release|Any CPU.ActiveCfg = Release|Any CPU
		{E0E8D98C-61FE-4D92-88B8-52355D6F14BD}.Release|Any CPU.Build.0 = Release|Any CPU
		{7D138911-D8D2-461F-B8AA-47AD99C71239}.Debug|Any CPU.ActiveCfg = Debug|Any CPU
		{7D138911-D8D2-461F-B8AA-47AD99C71239}.Debug|Any CPU.Build.0 = Debug|Any CPU
		{7D138911-D8D2-461F-B8AA-47AD99C71239}.Release|Any CPU.ActiveCfg = Release|Any CPU
		{7D138911-D8D2-461F-B8AA-47AD99C71239}.Release|Any CPU.Build.0 = Release|Any CPU
		{002295BF-DF22-4A36-9515-FBDF037374D2}.Debug|Any CPU.ActiveCfg = Debug|Any CPU
		{002295BF-DF22-4A36-9515-FBDF037374D2}.Debug|Any CPU.Build.0 = Debug|Any CPU
		{002295BF-DF22-4A36-9515-FBDF037374D2}.Release|Any CPU.ActiveCfg = Release|Any CPU
		{002295BF-DF22-4A36-9515-FBDF037374D2}.Release|Any CPU.Build.0 = Release|Any CPU
		{7D5C5EC0-9855-4F53-92A7-273D2726DFB5}.Debug|Any CPU.ActiveCfg = Debug|Any CPU
		{7D5C5EC0-9855-4F53-92A7-273D2726DFB5}.Debug|Any CPU.Build.0 = Debug|Any CPU
		{7D5C5EC0-9855-4F53-92A7-273D2726DFB5}.Release|Any CPU.ActiveCfg = Release|Any CPU
		{7D5C5EC0-9855-4F53-92A7-273D2726DFB5}.Release|Any CPU.Build.0 = Release|Any CPU
	EndGlobalSection
	GlobalSection(SolutionProperties) = preSolution
		HideSolutionNode = FALSE
	EndGlobalSection
	GlobalSection(NestedProjects) = preSolution
		{8C3F181D-67D1-4E05-9150-386EBA4A5D9A} = {E17083AA-E57B-4E3F-9EE1-0D143E50CCC3}
		{FE76BD3E-9834-4060-A742-8DAC59D47FF4} = {EE3B1E77-3061-4DA5-B259-ADFA661658FC}
		{8ACBE60C-D9B9-467D-96AF-84DDC14E8281} = {EE3B1E77-3061-4DA5-B259-ADFA661658FC}
		{BC5DD2E5-A7EE-4782-9C09-1447BED1913C} = {EE3B1E77-3061-4DA5-B259-ADFA661658FC}
		{E335620C-BBB0-49F0-B679-1BA58A594A4C} = {EE3B1E77-3061-4DA5-B259-ADFA661658FC}
		{F032FE57-0460-45D3-9A03-8879A86CF60E} = {EE3B1E77-3061-4DA5-B259-ADFA661658FC}
		{6956DBB2-6DFC-492E-8E52-591684FAEE4F} = {EE3B1E77-3061-4DA5-B259-ADFA661658FC}
		{2B349F47-EB68-4549-A555-11B068D79CA2} = {3E1BA2E0-099F-4D49-A707-C61F02FF7839}
		{30A9E31E-1CE5-4B64-9C71-6DF2661575EE} = {3E1BA2E0-099F-4D49-A707-C61F02FF7839}
		{36A5A512-6612-44C8-B49E-9143683EE0A5} = {3E1BA2E0-099F-4D49-A707-C61F02FF7839}
		{A6ED7071-0BA5-4C21-A5B8-205D428FC46A} = {3E1BA2E0-099F-4D49-A707-C61F02FF7839}
		{712EB5CE-6205-417D-BCD4-24C45063D093} = {3E1BA2E0-099F-4D49-A707-C61F02FF7839}
		{3B0FC998-36DF-482A-8E4B-A8C1B9D689B7} = {3E1BA2E0-099F-4D49-A707-C61F02FF7839}
		{F1B6B3F8-0AE3-4341-B7EF-BB03C43499B8} = {D9CDB16F-067C-4A0A-8F2D-C5269C3F5E25}
		{B0786EE9-1707-466B-A782-6D7353CB352B} = {D9CDB16F-067C-4A0A-8F2D-C5269C3F5E25}
		{13940B8B-F1EB-4162-90A1-DA060188EF53} = {D9CDB16F-067C-4A0A-8F2D-C5269C3F5E25}
		{A9497C9F-8CBC-4D8D-9F24-6022249503A5} = {D9CDB16F-067C-4A0A-8F2D-C5269C3F5E25}
		{59D42308-A942-4FC1-9A70-1D393435B3EF} = {D9CDB16F-067C-4A0A-8F2D-C5269C3F5E25}
		{9496E314-50EC-4A21-94C7-131A99242A17} = {D9CDB16F-067C-4A0A-8F2D-C5269C3F5E25}
		{F1C9DD02-3469-4D94-9E58-D543F657C537} = {D9CDB16F-067C-4A0A-8F2D-C5269C3F5E25}
		{EB0F4CC8-E438-47AE-B936-B5D0AE217157} = {D9CDB16F-067C-4A0A-8F2D-C5269C3F5E25}
		{8442CD80-7773-47F8-96BE-B78ADB52E092} = {68F09D66-B64E-440D-8510-88183DA3E9AB}
		{EA1E15C0-24F0-44A0-A066-91591A9F061E} = {68F09D66-B64E-440D-8510-88183DA3E9AB}
		{76A3EBD1-D3CA-40A7-9F93-3E62E8F580D4} = {68F09D66-B64E-440D-8510-88183DA3E9AB}
		{A410521F-ED51-4A60-961B-B46C8D53A7F8} = {68F09D66-B64E-440D-8510-88183DA3E9AB}
		{12EEE3EB-F2D2-414E-8FD9-D0F30F1E2029} = {68F09D66-B64E-440D-8510-88183DA3E9AB}
		{6A241F12-2350-4EFF-A1F0-90AA51340F4B} = {68F09D66-B64E-440D-8510-88183DA3E9AB}
		{DC1C05FD-37EB-4236-B5ED-825848B0D9AF} = {C7973FE1-C4DD-442D-A425-0137F3FAF3E2}
		{D5F4A33A-8725-45A0-B5D1-4E1EF1EC0518} = {C7973FE1-C4DD-442D-A425-0137F3FAF3E2}
		{D1173238-4F8D-4DD4-9688-41C559642B7D} = {C7973FE1-C4DD-442D-A425-0137F3FAF3E2}
		{AB6C8A04-4663-47A6-A3E8-D1F2FFB0BEE0} = {C7973FE1-C4DD-442D-A425-0137F3FAF3E2}
		{273251DA-E39E-4A04-B0E3-15EBF572E2B1} = {59F3F608-F7E9-41BC-9622-46DA9D0B57BC}
		{A107CA4E-6669-49E4-8B5C-1B3C56A7B2AE} = {59F3F608-F7E9-41BC-9622-46DA9D0B57BC}
		{3709F694-1390-429D-BCDC-83BCDE3A24BD} = {59F3F608-F7E9-41BC-9622-46DA9D0B57BC}
		{4D78EBF5-37D5-4FD8-B01F-65C751F33AAE} = {79B80FD0-407C-4DD4-AC2F-E5957B26FFB7}
		{8416CB45-F8DD-41D9-9555-72DB0E122A09} = {79B80FD0-407C-4DD4-AC2F-E5957B26FFB7}
		{8E6C665B-5673-4B36-BECB-280954BF7202} = {79B80FD0-407C-4DD4-AC2F-E5957B26FFB7}
		{C2C74ED8-323F-48D8-9E77-D73C48E0615B} = {79B80FD0-407C-4DD4-AC2F-E5957B26FFB7}
		{855F5B69-0A67-4798-BB5F-1356B25DA82F} = {79B80FD0-407C-4DD4-AC2F-E5957B26FFB7}
		{09E478B6-FAF4-4487-B06A-799BED47CE3E} = {79B80FD0-407C-4DD4-AC2F-E5957B26FFB7}
		{CA6EFCE3-4A55-4A8C-8289-4B73789D6645} = {79B80FD0-407C-4DD4-AC2F-E5957B26FFB7}
		{74CB23E1-5B5C-46DA-A169-45AEC60DF3BA} = {79B80FD0-407C-4DD4-AC2F-E5957B26FFB7}
		{C7D6E9D9-8821-4F30-BE0E-9DD489612237} = {79B80FD0-407C-4DD4-AC2F-E5957B26FFB7}
		{CE745238-3CD7-4099-9838-10A75671FF78} = {79B80FD0-407C-4DD4-AC2F-E5957B26FFB7}
		{85569480-2119-4A72-9780-3D4F1BBE8D29} = {79B80FD0-407C-4DD4-AC2F-E5957B26FFB7}
		{5C5A12A1-85CA-45C6-BE99-9532FFBE3146} = {79B80FD0-407C-4DD4-AC2F-E5957B26FFB7}
		{2E039769-36E5-4104-BCD5-65220FD39F09} = {79B80FD0-407C-4DD4-AC2F-E5957B26FFB7}
		{A2085A42-7983-464A-AC8A-1B4687EA78F4} = {95E9C97D-6989-4E06-8358-FFFF2582B9F8}
		{F9920F41-0209-4B36-AEE1-BC235E17401D} = {95E9C97D-6989-4E06-8358-FFFF2582B9F8}
		{7C18AD88-DAC6-454D-84AE-A82E3F9E7D8C} = {95E9C97D-6989-4E06-8358-FFFF2582B9F8}
		{639A135A-3295-4DD6-9904-9ED99BDA9D02} = {95E9C97D-6989-4E06-8358-FFFF2582B9F8}
		{42531586-1123-4E69-A69A-4E2D16BA16DA} = {95E9C97D-6989-4E06-8358-FFFF2582B9F8}
		{CD6D4BC6-3DA5-4701-A0D4-0E2DCDD9E93C} = {95E9C97D-6989-4E06-8358-FFFF2582B9F8}
		{3AD88B30-E7BD-40B1-90F9-AF4F6EAE9478} = {9BA4FD3A-45A0-4D4D-A042-D8853D266A3C}
		{3F955206-BEFD-44DD-8007-01B6B96C4C4F} = {9BA4FD3A-45A0-4D4D-A042-D8853D266A3C}
		{3791869D-8E87-4FD3-895C-64F290CA6711} = {9BA4FD3A-45A0-4D4D-A042-D8853D266A3C}
		{EC6CA833-E54D-4CF9-B50A-8DDE79A399D0} = {2586D93C-D392-412E-B61B-15076224781E}
		{900CDC48-C423-4477-B9D0-AE0B99FFAAD3} = {2586D93C-D392-412E-B61B-15076224781E}
		{75D08D4D-3A4B-4340-A12A-551CD7228EEC} = {2586D93C-D392-412E-B61B-15076224781E}
		{218E8DDE-EA91-4E0A-948D-2A0A859964CB} = {2586D93C-D392-412E-B61B-15076224781E}
		{04B867FE-B3B8-4ABA-A89B-A56B7777D8DC} = {2586D93C-D392-412E-B61B-15076224781E}
		{5BF85D52-A97F-42F9-851A-077B44BCAE6F} = {2586D93C-D392-412E-B61B-15076224781E}
		{477E0BD5-82AA-48AA-AAFB-C3D804F81CBA} = {2586D93C-D392-412E-B61B-15076224781E}
		{C7589792-3ADA-4D6C-A17D-8A9CCF1CAEDA} = {2586D93C-D392-412E-B61B-15076224781E}
		{F52ABBCA-7FEB-468E-A010-535AF56DB1E7} = {B6F26E6B-51E5-4170-9369-E2EA9FC9EAE0}
		{6747BDCF-DEAE-438D-A2E4-7B11878086D0} = {B6F26E6B-51E5-4170-9369-E2EA9FC9EAE0}
		{60DCCB37-4AF3-4512-8193-FF5984522158} = {B6F26E6B-51E5-4170-9369-E2EA9FC9EAE0}
		{47391370-EF78-4497-B2EB-6DD4E22632A9} = {58865AD7-6613-4956-862A-4F388B28391C}
		{31B93F15-EA89-4F5F-A4CB-FF79E3CC433E} = {58865AD7-6613-4956-862A-4F388B28391C}
		{193591AB-718C-416C-BCA6-35C46A146CD5} = {58865AD7-6613-4956-862A-4F388B28391C}
		{1C94B655-85F1-4257-AA7A-F4EABDBADBE0} = {58865AD7-6613-4956-862A-4F388B28391C}
		{C6FEAD76-EA9A-46D5-84B5-29D7061B4857} = {58865AD7-6613-4956-862A-4F388B28391C}
		{68116EC7-6C23-452E-8C3B-F80E43146F2E} = {58865AD7-6613-4956-862A-4F388B28391C}
		{5AC67649-1D16-4D0F-A291-07BFDB21DA97} = {57A65ABD-FD1C-4577-803A-E7EE18849247}
		{43E83420-74F1-4DD4-8785-51D7CC215A13} = {57A65ABD-FD1C-4577-803A-E7EE18849247}
		{7808025F-9271-4C14-A165-FFF60FDA4AD0} = {57A65ABD-FD1C-4577-803A-E7EE18849247}
		{6100A573-DA24-47E2-8E98-F87D9C91C39F} = {57A65ABD-FD1C-4577-803A-E7EE18849247}
		{A418A0FB-414F-4C22-A2FC-1B5BBE7E8DBA} = {6100A573-DA24-47E2-8E98-F87D9C91C39F}
		{6BFC7A24-7E55-42FB-A1E4-A8F432CC043E} = {BFC51878-D282-491F-86ED-5B1D134319DE}
		{468CDEB2-FD75-4E8A-8451-FDD55B837257} = {BFC51878-D282-491F-86ED-5B1D134319DE}
		{BBB47F0F-0E29-414A-BDE9-5979A0D68E63} = {BFC51878-D282-491F-86ED-5B1D134319DE}
		{929764DE-C683-4727-BD7A-E149DD0482C1} = {BFC51878-D282-491F-86ED-5B1D134319DE}
		{22168209-AACC-49EE-B355-B543D3F0258C} = {BFC51878-D282-491F-86ED-5B1D134319DE}
		{9A72F4EB-1C52-4CCD-BECB-D593DDF41A5D} = {7A6EE909-B3F2-4928-A0F0-29DC635A0310}
		{EAABC97D-4CDD-486E-983A-3153BECB9B91} = {77B6240F-610D-4168-B430-28DC7A2FD84D}
		{17BE10D4-B5B3-4DD9-91B5-13CD99A3AD93} = {7A6EE909-B3F2-4928-A0F0-29DC635A0310}
		{68D2D9AD-9E84-4C88-A62F-B2B9485016AF} = {7A6EE909-B3F2-4928-A0F0-29DC635A0310}
		{63C66D44-2A4D-4108-B8C4-B71C87461143} = {87305BCA-1234-495B-AD2F-AD7BBB8AB12C}
		{CE5FDFEE-9F2C-4044-A8EA-67BA04B559C8} = {87305BCA-1234-495B-AD2F-AD7BBB8AB12C}
		{8BFE558C-E8F1-4936-8BF0-AB34F06603B9} = {87305BCA-1234-495B-AD2F-AD7BBB8AB12C}
		{D70061BD-BD85-46DF-B00C-758D6800675C} = {87305BCA-1234-495B-AD2F-AD7BBB8AB12C}
		{C73B5354-612E-451F-96B2-23243ECF68DA} = {87305BCA-1234-495B-AD2F-AD7BBB8AB12C}
		{9EB592C3-E2F4-435C-AD71-E814FF8B659D} = {9450F25B-CA84-4808-8FBE-F0EADC04B0A6}
		{A492D65C-2AF7-4A4D-9665-330FA7BBCACD} = {9450F25B-CA84-4808-8FBE-F0EADC04B0A6}
		{8AB5A145-66B2-43C3-8ACE-13F6BF7F2059} = {F1B0A7E4-E089-46AF-876B-008AD92B8263}
		{46ECA8AC-7C75-46D1-919C-48FF2505CE02} = {F1B0A7E4-E089-46AF-876B-008AD92B8263}
		{BF3C2104-80B9-4022-9774-F9DEFAA30514} = {8348D56E-09A2-402C-A32B-2D25007AF252}
		{2B568785-B14C-4AE8-B878-A5483932B110} = {8348D56E-09A2-402C-A32B-2D25007AF252}
		{E94C91FE-9723-4DCD-8B08-62C03E5F8E9D} = {8348D56E-09A2-402C-A32B-2D25007AF252}
		{EA0DD5FC-B0EB-4171-BBFD-FA0BFB2A8939} = {C3AC548E-EB92-42E3-BBA5-4D2B344A6FF2}
		{516D933C-0BE8-4076-8706-4F1873E6B2B0} = {C3AC548E-EB92-42E3-BBA5-4D2B344A6FF2}
		{148400C5-E1D5-4350-85A2-312171B31081} = {C3AC548E-EB92-42E3-BBA5-4D2B344A6FF2}
		{1C092ADE-26BC-4BE8-A7DE-540FCE925135} = {7715C0BE-8595-4FA9-8E28-3AEBCDEF0007}
		{1D8F0D06-3D07-42B3-860B-1F1CD07275AB} = {68D4D9C5-DBA4-4EA1-AB3F-BD9435D09C51}
		{D04F3AD2-6D15-49E0-AF44-507BF409BD4F} = {322FA88A-7C5A-4E21-A640-F0EB86434606}
		{4BF06125-2C8B-469A-89BE-9EB73FC9DBDF} = {322FA88A-7C5A-4E21-A640-F0EB86434606}
		{F649C20E-5F1D-4273-AE1F-E8964BC55AB9} = {322FA88A-7C5A-4E21-A640-F0EB86434606}
		{E0E8D98C-61FE-4D92-88B8-52355D6F14BD} = {322FA88A-7C5A-4E21-A640-F0EB86434606}
		{7D138911-D8D2-461F-B8AA-47AD99C71239} = {322FA88A-7C5A-4E21-A640-F0EB86434606}
		{002295BF-DF22-4A36-9515-FBDF037374D2} = {68D4D9C5-DBA4-4EA1-AB3F-BD9435D09C51}
		{7D5C5EC0-9855-4F53-92A7-273D2726DFB5} = {FD6429BB-C875-42A1-B4B6-1F53D7C2E24B}
	EndGlobalSection
	GlobalSection(ExtensibilityGlobals) = postSolution
		SolutionGuid = {26EE2E69-D415-4FB0-BAA1-C96E2B6BB6CE}
	EndGlobalSection
EndGlobal
